// !$*UTF8*$!
{
	archiveVersion = 1;
	classes = {
	};
	objectVersion = 46;
	objects = {

/* Begin PBXBuildFile section */
		C44E69821944E1F2006244AF /* Labels02.m in Sources */ = {isa = PBXBuildFile; fileRef = C44E69811944E1F2006244AF /* Labels02.m */; };
		C44E69F11944F4E2006244AF /* Labels01.m in Sources */ = {isa = PBXBuildFile; fileRef = C44E69D61944F4E2006244AF /* Labels01.m */; };
		C44E69F21944F4E2006244AF /* Labels03.m in Sources */ = {isa = PBXBuildFile; fileRef = C44E69D81944F4E2006244AF /* Labels03.m */; };
		C44E69F31944F4E2006244AF /* Labels04.m in Sources */ = {isa = PBXBuildFile; fileRef = C44E69DA1944F4E2006244AF /* Labels04.m */; };
		C44E69F41944F4E2006244AF /* Labels05.m in Sources */ = {isa = PBXBuildFile; fileRef = C44E69DC1944F4E2006244AF /* Labels05.m */; };
		C44E69F51944F4E2006244AF /* Labels06.m in Sources */ = {isa = PBXBuildFile; fileRef = C44E69DE1944F4E2006244AF /* Labels06.m */; };
		C44E69F61944F4E2006244AF /* Labels07.m in Sources */ = {isa = PBXBuildFile; fileRef = C44E69E01944F4E2006244AF /* Labels07.m */; };
		C44E69F71944F4E2006244AF /* Labels08.m in Sources */ = {isa = PBXBuildFile; fileRef = C44E69E21944F4E2006244AF /* Labels08.m */; };
		C44E69F81944F4E2006244AF /* Labels09.m in Sources */ = {isa = PBXBuildFile; fileRef = C44E69E41944F4E2006244AF /* Labels09.m */; };
		C44E69F91944F4E2006244AF /* Labels10.m in Sources */ = {isa = PBXBuildFile; fileRef = C44E69E61944F4E2006244AF /* Labels10.m */; };
		C44E69FA1944F4E2006244AF /* Labels11.m in Sources */ = {isa = PBXBuildFile; fileRef = C44E69E81944F4E2006244AF /* Labels11.m */; };
		C44E69FB1944F4E2006244AF /* Labels12.m in Sources */ = {isa = PBXBuildFile; fileRef = C44E69EA1944F4E2006244AF /* Labels12.m */; };
		C44E69FC1944F4E2006244AF /* Labels13.m in Sources */ = {isa = PBXBuildFile; fileRef = C44E69EC1944F4E2006244AF /* Labels13.m */; };
		C44E69FD1944F4E2006244AF /* Labels14.m in Sources */ = {isa = PBXBuildFile; fileRef = C44E69EE1944F4E2006244AF /* Labels14.m */; };
		C44E69FE1944F4E2006244AF /* Labels15.m in Sources */ = {isa = PBXBuildFile; fileRef = C44E69F01944F4E2006244AF /* Labels15.m */; };
		C44E6A051944F708006244AF /* Labels16.m in Sources */ = {isa = PBXBuildFile; fileRef = C44E6A041944F708006244AF /* Labels16.m */; };
		C44E6A0B1944F7CB006244AF /* Labels17.m in Sources */ = {isa = PBXBuildFile; fileRef = C44E6A0A1944F7CB006244AF /* Labels17.m */; };
		C44E6A111944F8BA006244AF /* Labels18.m in Sources */ = {isa = PBXBuildFile; fileRef = C44E6A101944F8BA006244AF /* Labels18.m */; };
		C44E6A171944F925006244AF /* Labels19.m in Sources */ = {isa = PBXBuildFile; fileRef = C44E6A161944F925006244AF /* Labels19.m */; };
		C44E6A1D1944FA96006244AF /* Labels20.m in Sources */ = {isa = PBXBuildFile; fileRef = C44E6A1C1944FA96006244AF /* Labels20.m */; };
		C44E6A201944FAC8006244AF /* Labels21.m in Sources */ = {isa = PBXBuildFile; fileRef = C44E6A1F1944FAC8006244AF /* Labels21.m */; };
		D9167EA3193E988C00A9602C /* Accelerate.framework in Frameworks */ = {isa = PBXBuildFile; fileRef = D9167EA2193E988C00A9602C /* Accelerate.framework */; };
		D9167EA5193E988C00A9602C /* AVFoundation.framework in Frameworks */ = {isa = PBXBuildFile; fileRef = D9167EA4193E988C00A9602C /* AVFoundation.framework */; };
		D9167EA7193E988C00A9602C /* CoreFoundation.framework in Frameworks */ = {isa = PBXBuildFile; fileRef = D9167EA6193E988C00A9602C /* CoreFoundation.framework */; };
		D9167EA9193E988C00A9602C /* CoreGraphics.framework in Frameworks */ = {isa = PBXBuildFile; fileRef = D9167EA8193E988C00A9602C /* CoreGraphics.framework */; };
		D9167EAB193E988C00A9602C /* CoreImage.framework in Frameworks */ = {isa = PBXBuildFile; fileRef = D9167EAA193E988C00A9602C /* CoreImage.framework */; };
		D9167EAD193E988C00A9602C /* CoreMedia.framework in Frameworks */ = {isa = PBXBuildFile; fileRef = D9167EAC193E988C00A9602C /* CoreMedia.framework */; };
		D9167EAF193E988C00A9602C /* CoreText.framework in Frameworks */ = {isa = PBXBuildFile; fileRef = D9167EAE193E988C00A9602C /* CoreText.framework */; };
		D9167EB1193E988C00A9602C /* Foundation.framework in Frameworks */ = {isa = PBXBuildFile; fileRef = D9167EB0193E988C00A9602C /* Foundation.framework */; };
		D9167EB3193E988C00A9602C /* OpenGLES.framework in Frameworks */ = {isa = PBXBuildFile; fileRef = D9167EB2193E988C00A9602C /* OpenGLES.framework */; };
		D9167EB5193E988C00A9602C /* QuartzCore.framework in Frameworks */ = {isa = PBXBuildFile; fileRef = D9167EB4193E988C00A9602C /* QuartzCore.framework */; };
		D9167EB7193E988C00A9602C /* UIKit.framework in Frameworks */ = {isa = PBXBuildFile; fileRef = D9167EB6193E988C00A9602C /* UIKit.framework */; };
		D9167EBD193E988C00A9602C /* InfoPlist.strings in Resources */ = {isa = PBXBuildFile; fileRef = D9167EBB193E988C00A9602C /* InfoPlist.strings */; };
		D9167EBF193E988C00A9602C /* main.m in Sources */ = {isa = PBXBuildFile; fileRef = D9167EBE193E988C00A9602C /* main.m */; };
		D9167EC3193E988C00A9602C /* Images.xcassets in Resources */ = {isa = PBXBuildFile; fileRef = D9167EC2193E988C00A9602C /* Images.xcassets */; };
		D9167EC5193E988D00A9602C /* Media.xcassets in Resources */ = {isa = PBXBuildFile; fileRef = D9167EC4193E988D00A9602C /* Media.xcassets */; };
		D9167EEE193E988D00A9602C /* C4AppDelegate.m in Sources */ = {isa = PBXBuildFile; fileRef = D9167EED193E988D00A9602C /* C4AppDelegate.m */; };
		D9167EF0193E988D00A9602C /* C4Loop.aif in Resources */ = {isa = PBXBuildFile; fileRef = D9167EEF193E988D00A9602C /* C4Loop.aif */; };
		D9167EF2193E988D00A9602C /* inception.mov in Resources */ = {isa = PBXBuildFile; fileRef = D9167EF1193E988D00A9602C /* inception.mov */; };
		D9167EF4193E988D00A9602C /* C4ActivityIndicator.m in Sources */ = {isa = PBXBuildFile; fileRef = D9167EF3193E988D00A9602C /* C4ActivityIndicator.m */; };
		D9167EF6193E988D00A9602C /* C4AnimationHelper.m in Sources */ = {isa = PBXBuildFile; fileRef = D9167EF5193E988D00A9602C /* C4AnimationHelper.m */; };
		D9167EF8193E988D00A9602C /* C4AssertionHandler.m in Sources */ = {isa = PBXBuildFile; fileRef = D9167EF7193E988D00A9602C /* C4AssertionHandler.m */; };
		D9167EFA193E988D00A9602C /* C4Button.m in Sources */ = {isa = PBXBuildFile; fileRef = D9167EF9193E988D00A9602C /* C4Button.m */; };
		D9167EFC193E988D00A9602C /* C4Camera.m in Sources */ = {isa = PBXBuildFile; fileRef = D9167EFB193E988D00A9602C /* C4Camera.m */; };
		D9167EFE193E988D00A9602C /* C4CanvasController.m in Sources */ = {isa = PBXBuildFile; fileRef = D9167EFD193E988D00A9602C /* C4CanvasController.m */; };
		D9167F00193E988D00A9602C /* C4Control.m in Sources */ = {isa = PBXBuildFile; fileRef = D9167EFF193E988D00A9602C /* C4Control.m */; };
		D9167F02193E988D00A9602C /* C4Defines.m in Sources */ = {isa = PBXBuildFile; fileRef = D9167F01193E988D00A9602C /* C4Defines.m */; };
		D9167F04193E988D00A9602C /* C4EAGLESRenderer.m in Sources */ = {isa = PBXBuildFile; fileRef = D9167F03193E988D00A9602C /* C4EAGLESRenderer.m */; };
		D9167F06193E988D00A9602C /* C4EAGLES1Renderer.m in Sources */ = {isa = PBXBuildFile; fileRef = D9167F05193E988D00A9602C /* C4EAGLES1Renderer.m */; };
		D9167F08193E988D00A9602C /* C4Font.m in Sources */ = {isa = PBXBuildFile; fileRef = D9167F07193E988D00A9602C /* C4Font.m */; };
		D9167F0A193E988D00A9602C /* C4Foundation.m in Sources */ = {isa = PBXBuildFile; fileRef = D9167F09193E988D00A9602C /* C4Foundation.m */; };
		D9167F0C193E988D00A9602C /* C4GL.m in Sources */ = {isa = PBXBuildFile; fileRef = D9167F0B193E988D00A9602C /* C4GL.m */; };
		D9167F0E193E988D00A9602C /* C4GL1Renderer.m in Sources */ = {isa = PBXBuildFile; fileRef = D9167F0D193E988D00A9602C /* C4GL1Renderer.m */; };
		D9167F10193E988D00A9602C /* C4Image.m in Sources */ = {isa = PBXBuildFile; fileRef = D9167F0F193E988D00A9602C /* C4Image.m */; };
		D9167F12193E988D00A9602C /* C4Label.m in Sources */ = {isa = PBXBuildFile; fileRef = D9167F11193E988D00A9602C /* C4Label.m */; };
		D9167F14193E988D00A9602C /* C4Math.m in Sources */ = {isa = PBXBuildFile; fileRef = D9167F13193E988D00A9602C /* C4Math.m */; };
		D9167F16193E988D00A9602C /* C4Movie.m in Sources */ = {isa = PBXBuildFile; fileRef = D9167F15193E988D00A9602C /* C4Movie.m */; };
		D9167F18193E988D00A9602C /* C4Object.m in Sources */ = {isa = PBXBuildFile; fileRef = D9167F17193E988D00A9602C /* C4Object.m */; };
		D9167F1A193E988D00A9602C /* C4Sample.m in Sources */ = {isa = PBXBuildFile; fileRef = D9167F19193E988D00A9602C /* C4Sample.m */; };
		D9167F1C193E988D00A9602C /* C4ScrollView.m in Sources */ = {isa = PBXBuildFile; fileRef = D9167F1B193E988D00A9602C /* C4ScrollView.m */; };
		D9167F1E193E988D00A9602C /* C4Shape.m in Sources */ = {isa = PBXBuildFile; fileRef = D9167F1D193E988D00A9602C /* C4Shape.m */; };
		D9167F20193E988D00A9602C /* C4Slider.m in Sources */ = {isa = PBXBuildFile; fileRef = D9167F1F193E988D00A9602C /* C4Slider.m */; };
		D9167F22193E988D00A9602C /* C4Stepper.m in Sources */ = {isa = PBXBuildFile; fileRef = D9167F21193E988D00A9602C /* C4Stepper.m */; };
		D9167F24193E988D00A9602C /* C4Switch.m in Sources */ = {isa = PBXBuildFile; fileRef = D9167F23193E988D00A9602C /* C4Switch.m */; };
		D9167F26193E988D00A9602C /* C4Template.m in Sources */ = {isa = PBXBuildFile; fileRef = D9167F25193E988D00A9602C /* C4Template.m */; };
		D9167F28193E988D00A9602C /* C4Timer.m in Sources */ = {isa = PBXBuildFile; fileRef = D9167F27193E988D00A9602C /* C4Timer.m */; };
		D9167F2A193E988D00A9602C /* C4UIElement.m in Sources */ = {isa = PBXBuildFile; fileRef = D9167F29193E988D00A9602C /* C4UIElement.m */; };
		D9167F2C193E988D00A9602C /* C4Vector.m in Sources */ = {isa = PBXBuildFile; fileRef = D9167F2B193E988D00A9602C /* C4Vector.m */; };
		D9167F2E193E988D00A9602C /* C4UIGLControl.m in Sources */ = {isa = PBXBuildFile; fileRef = D9167F2D193E988D00A9602C /* C4UIGLControl.m */; };
		D9167F30193E988D00A9602C /* C4UIMovieControl.m in Sources */ = {isa = PBXBuildFile; fileRef = D9167F2F193E988D00A9602C /* C4UIMovieControl.m */; };
		D9167F32193E988D00A9602C /* C4UIShapeControl.m in Sources */ = {isa = PBXBuildFile; fileRef = D9167F31193E988D00A9602C /* C4UIShapeControl.m */; };
		D9167F34193E988D00A9602C /* UIColor+CIColorFix.m in Sources */ = {isa = PBXBuildFile; fileRef = D9167F33193E988D00A9602C /* UIColor+CIColorFix.m */; };
		D9167F36193E988D00A9602C /* UIView+C4AddControl.m in Sources */ = {isa = PBXBuildFile; fileRef = D9167F35193E988D00A9602C /* UIView+C4AddControl.m */; };
		D9167F3A193E988D00A9602C /* Main_iPhone.storyboard in Resources */ = {isa = PBXBuildFile; fileRef = D9167F38193E988D00A9602C /* Main_iPhone.storyboard */; };
		D9167F3D193E988D00A9602C /* Main_iPad.storyboard in Resources */ = {isa = PBXBuildFile; fileRef = D9167F3B193E988D00A9602C /* Main_iPad.storyboard */; };
		D9167F40193E988D00A9602C /* C4WorkSpace.m in Sources */ = {isa = PBXBuildFile; fileRef = D9167F3F193E988D00A9602C /* C4WorkSpace.m */; };
		D9167F47193E988D00A9602C /* XCTest.framework in Frameworks */ = {isa = PBXBuildFile; fileRef = D9167F46193E988D00A9602C /* XCTest.framework */; };
		D9167F48193E988D00A9602C /* Foundation.framework in Frameworks */ = {isa = PBXBuildFile; fileRef = D9167EB0193E988C00A9602C /* Foundation.framework */; };
		D9167F49193E988D00A9602C /* UIKit.framework in Frameworks */ = {isa = PBXBuildFile; fileRef = D9167EB6193E988C00A9602C /* UIKit.framework */; };
		D9167F51193E988D00A9602C /* InfoPlist.strings in Resources */ = {isa = PBXBuildFile; fileRef = D9167F4F193E988D00A9602C /* InfoPlist.strings */; };
		D9167F53193E988D00A9602C /* C4ExamplesTests.m in Sources */ = {isa = PBXBuildFile; fileRef = D9167F52193E988D00A9602C /* C4ExamplesTests.m */; };
		D916C3751943CF2400846C5C /* Images01.m in Sources */ = {isa = PBXBuildFile; fileRef = D916C3281943CF2400846C5C /* Images01.m */; };
		D916C3761943CF2400846C5C /* Images02.m in Sources */ = {isa = PBXBuildFile; fileRef = D916C32A1943CF2400846C5C /* Images02.m */; };
		D916C3771943CF2400846C5C /* Images03.m in Sources */ = {isa = PBXBuildFile; fileRef = D916C32C1943CF2400846C5C /* Images03.m */; };
		D916C3781943CF2400846C5C /* Images04.m in Sources */ = {isa = PBXBuildFile; fileRef = D916C32E1943CF2400846C5C /* Images04.m */; };
		D916C3791943CF2400846C5C /* Images05.m in Sources */ = {isa = PBXBuildFile; fileRef = D916C3301943CF2400846C5C /* Images05.m */; };
		D916C37A1943CF2400846C5C /* Images06.m in Sources */ = {isa = PBXBuildFile; fileRef = D916C3321943CF2400846C5C /* Images06.m */; };
		D916C37B1943CF2400846C5C /* Images07.m in Sources */ = {isa = PBXBuildFile; fileRef = D916C3341943CF2400846C5C /* Images07.m */; };
		D916C37C1943CF2400846C5C /* Images08.m in Sources */ = {isa = PBXBuildFile; fileRef = D916C3361943CF2400846C5C /* Images08.m */; };
		D916C37D1943CF2400846C5C /* Movies01.m in Sources */ = {isa = PBXBuildFile; fileRef = D916C3391943CF2400846C5C /* Movies01.m */; };
		D916C37E1943CF2400846C5C /* Movies02.m in Sources */ = {isa = PBXBuildFile; fileRef = D916C33B1943CF2400846C5C /* Movies02.m */; };
		D916C37F1943CF2400846C5C /* Movies03.m in Sources */ = {isa = PBXBuildFile; fileRef = D916C33D1943CF2400846C5C /* Movies03.m */; };
		D916C3801943CF2400846C5C /* Movies04.m in Sources */ = {isa = PBXBuildFile; fileRef = D916C33F1943CF2400846C5C /* Movies04.m */; };
		D916C3811943CF2400846C5C /* Movies05.m in Sources */ = {isa = PBXBuildFile; fileRef = D916C3411943CF2400846C5C /* Movies05.m */; };
		D916C3821943CF2400846C5C /* Movies06.m in Sources */ = {isa = PBXBuildFile; fileRef = D916C3431943CF2400846C5C /* Movies06.m */; };
		D916C3831943CF2400846C5C /* Movies07.m in Sources */ = {isa = PBXBuildFile; fileRef = D916C3451943CF2400846C5C /* Movies07.m */; };
		D916C3841943CF2400846C5C /* Movies08.m in Sources */ = {isa = PBXBuildFile; fileRef = D916C3471943CF2400846C5C /* Movies08.m */; };
		D916C3851943CF2400846C5C /* Movies09.m in Sources */ = {isa = PBXBuildFile; fileRef = D916C3491943CF2400846C5C /* Movies09.m */; };
		D916C3861943CF2400846C5C /* Movies10.m in Sources */ = {isa = PBXBuildFile; fileRef = D916C34B1943CF2400846C5C /* Movies10.m */; };
		D916C3871943CF2400846C5C /* Shapes01.m in Sources */ = {isa = PBXBuildFile; fileRef = D916C34E1943CF2400846C5C /* Shapes01.m */; };
		D916C3881943CF2400846C5C /* Shapes02.m in Sources */ = {isa = PBXBuildFile; fileRef = D916C3501943CF2400846C5C /* Shapes02.m */; };
		D916C3891943CF2400846C5C /* Shapes03.m in Sources */ = {isa = PBXBuildFile; fileRef = D916C3521943CF2400846C5C /* Shapes03.m */; };
		D916C38A1943CF2400846C5C /* Shapes04.m in Sources */ = {isa = PBXBuildFile; fileRef = D916C3541943CF2400846C5C /* Shapes04.m */; };
		D916C38B1943CF2400846C5C /* Shapes05.m in Sources */ = {isa = PBXBuildFile; fileRef = D916C3561943CF2400846C5C /* Shapes05.m */; };
		D916C38C1943CF2400846C5C /* Shapes06.m in Sources */ = {isa = PBXBuildFile; fileRef = D916C3581943CF2400846C5C /* Shapes06.m */; };
		D916C38D1943CF2400846C5C /* Shapes07.m in Sources */ = {isa = PBXBuildFile; fileRef = D916C35A1943CF2400846C5C /* Shapes07.m */; };
		D916C38E1943CF2400846C5C /* Shapes08.m in Sources */ = {isa = PBXBuildFile; fileRef = D916C35C1943CF2400846C5C /* Shapes08.m */; };
		D916C38F1943CF2400846C5C /* Shapes09.m in Sources */ = {isa = PBXBuildFile; fileRef = D916C35E1943CF2400846C5C /* Shapes09.m */; };
		D916C3901943CF2400846C5C /* Shapes10.m in Sources */ = {isa = PBXBuildFile; fileRef = D916C3601943CF2400846C5C /* Shapes10.m */; };
		D916C3911943CF2400846C5C /* Shapes11.m in Sources */ = {isa = PBXBuildFile; fileRef = D916C3621943CF2400846C5C /* Shapes11.m */; };
		D916C3921943CF2400846C5C /* Shapes12.m in Sources */ = {isa = PBXBuildFile; fileRef = D916C3641943CF2400846C5C /* Shapes12.m */; };
		D916C3931943CF2400846C5C /* Shapes13.m in Sources */ = {isa = PBXBuildFile; fileRef = D916C3661943CF2400846C5C /* Shapes13.m */; };
		D916C3941943CF2400846C5C /* Shapes14.m in Sources */ = {isa = PBXBuildFile; fileRef = D916C3681943CF2400846C5C /* Shapes14.m */; };
		D916C3951943CF2400846C5C /* Shapes15.m in Sources */ = {isa = PBXBuildFile; fileRef = D916C36A1943CF2400846C5C /* Shapes15.m */; };
		D916C3961943CF2400846C5C /* Shapes16.m in Sources */ = {isa = PBXBuildFile; fileRef = D916C36C1943CF2400846C5C /* Shapes16.m */; };
		D916C3971943CF2400846C5C /* Shapes17.m in Sources */ = {isa = PBXBuildFile; fileRef = D916C36E1943CF2400846C5C /* Shapes17.m */; };
		D916C3981943CF2400846C5C /* Shapes18.m in Sources */ = {isa = PBXBuildFile; fileRef = D916C3701943CF2400846C5C /* Shapes18.m */; };
		D916C3991943CF2400846C5C /* Shapes19.m in Sources */ = {isa = PBXBuildFile; fileRef = D916C3721943CF2400846C5C /* Shapes19.m */; };
		D916C39A1943CF2400846C5C /* Shapes20.m in Sources */ = {isa = PBXBuildFile; fileRef = D916C3741943CF2400846C5C /* Shapes20.m */; };
/* End PBXBuildFile section */

/* Begin PBXContainerItemProxy section */
		D9167F4A193E988D00A9602C /* PBXContainerItemProxy */ = {
			isa = PBXContainerItemProxy;
			containerPortal = D9167E97193E988C00A9602C /* Project object */;
			proxyType = 1;
			remoteGlobalIDString = D9167E9E193E988C00A9602C;
			remoteInfo = C4Examples;
		};
/* End PBXContainerItemProxy section */

/* Begin PBXFileReference section */
		C44E69801944E1F2006244AF /* Labels02.h */ = {isa = PBXFileReference; fileEncoding = 4; lastKnownFileType = sourcecode.c.h; name = Labels02.h; path = C4Examples/Code/Labels/Labels02.h; sourceTree = SOURCE_ROOT; };
		C44E69811944E1F2006244AF /* Labels02.m */ = {isa = PBXFileReference; fileEncoding = 4; lastKnownFileType = sourcecode.c.objc; name = Labels02.m; path = C4Examples/Code/Labels/Labels02.m; sourceTree = SOURCE_ROOT; };
		C44E69D51944F4E2006244AF /* Labels01.h */ = {isa = PBXFileReference; fileEncoding = 4; lastKnownFileType = sourcecode.c.h; name = Labels01.h; path = C4Examples/Code/Labels/Labels01.h; sourceTree = SOURCE_ROOT; };
		C44E69D61944F4E2006244AF /* Labels01.m */ = {isa = PBXFileReference; fileEncoding = 4; lastKnownFileType = sourcecode.c.objc; name = Labels01.m; path = C4Examples/Code/Labels/Labels01.m; sourceTree = SOURCE_ROOT; };
		C44E69D71944F4E2006244AF /* Labels03.h */ = {isa = PBXFileReference; fileEncoding = 4; lastKnownFileType = sourcecode.c.h; name = Labels03.h; path = C4Examples/Code/Labels/Labels03.h; sourceTree = SOURCE_ROOT; };
		C44E69D81944F4E2006244AF /* Labels03.m */ = {isa = PBXFileReference; fileEncoding = 4; lastKnownFileType = sourcecode.c.objc; name = Labels03.m; path = C4Examples/Code/Labels/Labels03.m; sourceTree = SOURCE_ROOT; };
		C44E69D91944F4E2006244AF /* Labels04.h */ = {isa = PBXFileReference; fileEncoding = 4; lastKnownFileType = sourcecode.c.h; name = Labels04.h; path = C4Examples/Code/Labels/Labels04.h; sourceTree = SOURCE_ROOT; };
		C44E69DA1944F4E2006244AF /* Labels04.m */ = {isa = PBXFileReference; fileEncoding = 4; lastKnownFileType = sourcecode.c.objc; name = Labels04.m; path = C4Examples/Code/Labels/Labels04.m; sourceTree = SOURCE_ROOT; };
		C44E69DB1944F4E2006244AF /* Labels05.h */ = {isa = PBXFileReference; fileEncoding = 4; lastKnownFileType = sourcecode.c.h; name = Labels05.h; path = C4Examples/Code/Labels/Labels05.h; sourceTree = SOURCE_ROOT; };
		C44E69DC1944F4E2006244AF /* Labels05.m */ = {isa = PBXFileReference; fileEncoding = 4; lastKnownFileType = sourcecode.c.objc; name = Labels05.m; path = C4Examples/Code/Labels/Labels05.m; sourceTree = SOURCE_ROOT; };
		C44E69DD1944F4E2006244AF /* Labels06.h */ = {isa = PBXFileReference; fileEncoding = 4; lastKnownFileType = sourcecode.c.h; name = Labels06.h; path = C4Examples/Code/Labels/Labels06.h; sourceTree = SOURCE_ROOT; };
		C44E69DE1944F4E2006244AF /* Labels06.m */ = {isa = PBXFileReference; fileEncoding = 4; lastKnownFileType = sourcecode.c.objc; name = Labels06.m; path = C4Examples/Code/Labels/Labels06.m; sourceTree = SOURCE_ROOT; };
		C44E69DF1944F4E2006244AF /* Labels07.h */ = {isa = PBXFileReference; fileEncoding = 4; lastKnownFileType = sourcecode.c.h; name = Labels07.h; path = C4Examples/Code/Labels/Labels07.h; sourceTree = SOURCE_ROOT; };
		C44E69E01944F4E2006244AF /* Labels07.m */ = {isa = PBXFileReference; fileEncoding = 4; lastKnownFileType = sourcecode.c.objc; name = Labels07.m; path = C4Examples/Code/Labels/Labels07.m; sourceTree = SOURCE_ROOT; };
		C44E69E11944F4E2006244AF /* Labels08.h */ = {isa = PBXFileReference; fileEncoding = 4; lastKnownFileType = sourcecode.c.h; name = Labels08.h; path = C4Examples/Code/Labels/Labels08.h; sourceTree = SOURCE_ROOT; };
		C44E69E21944F4E2006244AF /* Labels08.m */ = {isa = PBXFileReference; fileEncoding = 4; lastKnownFileType = sourcecode.c.objc; name = Labels08.m; path = C4Examples/Code/Labels/Labels08.m; sourceTree = SOURCE_ROOT; };
		C44E69E31944F4E2006244AF /* Labels09.h */ = {isa = PBXFileReference; fileEncoding = 4; lastKnownFileType = sourcecode.c.h; name = Labels09.h; path = C4Examples/Code/Labels/Labels09.h; sourceTree = SOURCE_ROOT; };
		C44E69E41944F4E2006244AF /* Labels09.m */ = {isa = PBXFileReference; fileEncoding = 4; lastKnownFileType = sourcecode.c.objc; name = Labels09.m; path = C4Examples/Code/Labels/Labels09.m; sourceTree = SOURCE_ROOT; };
		C44E69E51944F4E2006244AF /* Labels10.h */ = {isa = PBXFileReference; fileEncoding = 4; lastKnownFileType = sourcecode.c.h; name = Labels10.h; path = C4Examples/Code/Labels/Labels10.h; sourceTree = SOURCE_ROOT; };
		C44E69E61944F4E2006244AF /* Labels10.m */ = {isa = PBXFileReference; fileEncoding = 4; lastKnownFileType = sourcecode.c.objc; name = Labels10.m; path = C4Examples/Code/Labels/Labels10.m; sourceTree = SOURCE_ROOT; };
		C44E69E71944F4E2006244AF /* Labels11.h */ = {isa = PBXFileReference; fileEncoding = 4; lastKnownFileType = sourcecode.c.h; name = Labels11.h; path = C4Examples/Code/Labels/Labels11.h; sourceTree = SOURCE_ROOT; };
		C44E69E81944F4E2006244AF /* Labels11.m */ = {isa = PBXFileReference; fileEncoding = 4; lastKnownFileType = sourcecode.c.objc; name = Labels11.m; path = C4Examples/Code/Labels/Labels11.m; sourceTree = SOURCE_ROOT; };
		C44E69E91944F4E2006244AF /* Labels12.h */ = {isa = PBXFileReference; fileEncoding = 4; lastKnownFileType = sourcecode.c.h; name = Labels12.h; path = C4Examples/Code/Labels/Labels12.h; sourceTree = SOURCE_ROOT; };
		C44E69EA1944F4E2006244AF /* Labels12.m */ = {isa = PBXFileReference; fileEncoding = 4; lastKnownFileType = sourcecode.c.objc; name = Labels12.m; path = C4Examples/Code/Labels/Labels12.m; sourceTree = SOURCE_ROOT; };
		C44E69EB1944F4E2006244AF /* Labels13.h */ = {isa = PBXFileReference; fileEncoding = 4; lastKnownFileType = sourcecode.c.h; name = Labels13.h; path = C4Examples/Code/Labels/Labels13.h; sourceTree = SOURCE_ROOT; };
		C44E69EC1944F4E2006244AF /* Labels13.m */ = {isa = PBXFileReference; fileEncoding = 4; lastKnownFileType = sourcecode.c.objc; name = Labels13.m; path = C4Examples/Code/Labels/Labels13.m; sourceTree = SOURCE_ROOT; };
		C44E69ED1944F4E2006244AF /* Labels14.h */ = {isa = PBXFileReference; fileEncoding = 4; lastKnownFileType = sourcecode.c.h; name = Labels14.h; path = C4Examples/Code/Labels/Labels14.h; sourceTree = SOURCE_ROOT; };
		C44E69EE1944F4E2006244AF /* Labels14.m */ = {isa = PBXFileReference; fileEncoding = 4; lastKnownFileType = sourcecode.c.objc; name = Labels14.m; path = C4Examples/Code/Labels/Labels14.m; sourceTree = SOURCE_ROOT; };
		C44E69EF1944F4E2006244AF /* Labels15.h */ = {isa = PBXFileReference; fileEncoding = 4; lastKnownFileType = sourcecode.c.h; name = Labels15.h; path = C4Examples/Code/Labels/Labels15.h; sourceTree = SOURCE_ROOT; };
		C44E69F01944F4E2006244AF /* Labels15.m */ = {isa = PBXFileReference; fileEncoding = 4; lastKnownFileType = sourcecode.c.objc; name = Labels15.m; path = C4Examples/Code/Labels/Labels15.m; sourceTree = SOURCE_ROOT; };
		C44E6A031944F708006244AF /* Labels16.h */ = {isa = PBXFileReference; fileEncoding = 4; lastKnownFileType = sourcecode.c.h; name = Labels16.h; path = C4Examples/Code/Labels/Labels16.h; sourceTree = SOURCE_ROOT; };
		C44E6A041944F708006244AF /* Labels16.m */ = {isa = PBXFileReference; fileEncoding = 4; lastKnownFileType = sourcecode.c.objc; name = Labels16.m; path = C4Examples/Code/Labels/Labels16.m; sourceTree = SOURCE_ROOT; };
		C44E6A091944F7CB006244AF /* Labels17.h */ = {isa = PBXFileReference; fileEncoding = 4; lastKnownFileType = sourcecode.c.h; name = Labels17.h; path = C4Examples/Code/Labels/Labels17.h; sourceTree = SOURCE_ROOT; };
		C44E6A0A1944F7CB006244AF /* Labels17.m */ = {isa = PBXFileReference; fileEncoding = 4; lastKnownFileType = sourcecode.c.objc; name = Labels17.m; path = C4Examples/Code/Labels/Labels17.m; sourceTree = SOURCE_ROOT; };
		C44E6A0F1944F8BA006244AF /* Labels18.h */ = {isa = PBXFileReference; fileEncoding = 4; lastKnownFileType = sourcecode.c.h; name = Labels18.h; path = C4Examples/Code/Labels/Labels18.h; sourceTree = SOURCE_ROOT; };
		C44E6A101944F8BA006244AF /* Labels18.m */ = {isa = PBXFileReference; fileEncoding = 4; lastKnownFileType = sourcecode.c.objc; name = Labels18.m; path = C4Examples/Code/Labels/Labels18.m; sourceTree = SOURCE_ROOT; };
		C44E6A151944F925006244AF /* Labels19.h */ = {isa = PBXFileReference; fileEncoding = 4; lastKnownFileType = sourcecode.c.h; name = Labels19.h; path = C4Examples/Code/Labels/Labels19.h; sourceTree = SOURCE_ROOT; };
		C44E6A161944F925006244AF /* Labels19.m */ = {isa = PBXFileReference; fileEncoding = 4; lastKnownFileType = sourcecode.c.objc; name = Labels19.m; path = C4Examples/Code/Labels/Labels19.m; sourceTree = SOURCE_ROOT; };
		C44E6A1B1944FA96006244AF /* Labels20.h */ = {isa = PBXFileReference; fileEncoding = 4; lastKnownFileType = sourcecode.c.h; name = Labels20.h; path = C4Examples/Code/Labels/Labels20.h; sourceTree = SOURCE_ROOT; };
		C44E6A1C1944FA96006244AF /* Labels20.m */ = {isa = PBXFileReference; fileEncoding = 4; lastKnownFileType = sourcecode.c.objc; name = Labels20.m; path = C4Examples/Code/Labels/Labels20.m; sourceTree = SOURCE_ROOT; };
		C44E6A1E1944FAC8006244AF /* Labels21.h */ = {isa = PBXFileReference; fileEncoding = 4; lastKnownFileType = sourcecode.c.h; name = Labels21.h; path = C4Examples/Code/Labels/Labels21.h; sourceTree = SOURCE_ROOT; };
		C44E6A1F1944FAC8006244AF /* Labels21.m */ = {isa = PBXFileReference; fileEncoding = 4; lastKnownFileType = sourcecode.c.objc; name = Labels21.m; path = C4Examples/Code/Labels/Labels21.m; sourceTree = SOURCE_ROOT; };
		D9167E9F193E988C00A9602C /* C4Examples.app */ = {isa = PBXFileReference; explicitFileType = wrapper.application; includeInIndex = 0; path = C4Examples.app; sourceTree = BUILT_PRODUCTS_DIR; };
		D9167EA2193E988C00A9602C /* Accelerate.framework */ = {isa = PBXFileReference; lastKnownFileType = wrapper.framework; name = Accelerate.framework; path = System/Library/Frameworks/Accelerate.framework; sourceTree = SDKROOT; };
		D9167EA4193E988C00A9602C /* AVFoundation.framework */ = {isa = PBXFileReference; lastKnownFileType = wrapper.framework; name = AVFoundation.framework; path = System/Library/Frameworks/AVFoundation.framework; sourceTree = SDKROOT; };
		D9167EA6193E988C00A9602C /* CoreFoundation.framework */ = {isa = PBXFileReference; lastKnownFileType = wrapper.framework; name = CoreFoundation.framework; path = System/Library/Frameworks/CoreFoundation.framework; sourceTree = SDKROOT; };
		D9167EA8193E988C00A9602C /* CoreGraphics.framework */ = {isa = PBXFileReference; lastKnownFileType = wrapper.framework; name = CoreGraphics.framework; path = System/Library/Frameworks/CoreGraphics.framework; sourceTree = SDKROOT; };
		D9167EAA193E988C00A9602C /* CoreImage.framework */ = {isa = PBXFileReference; lastKnownFileType = wrapper.framework; name = CoreImage.framework; path = System/Library/Frameworks/CoreImage.framework; sourceTree = SDKROOT; };
		D9167EAC193E988C00A9602C /* CoreMedia.framework */ = {isa = PBXFileReference; lastKnownFileType = wrapper.framework; name = CoreMedia.framework; path = System/Library/Frameworks/CoreMedia.framework; sourceTree = SDKROOT; };
		D9167EAE193E988C00A9602C /* CoreText.framework */ = {isa = PBXFileReference; lastKnownFileType = wrapper.framework; name = CoreText.framework; path = System/Library/Frameworks/CoreText.framework; sourceTree = SDKROOT; };
		D9167EB0193E988C00A9602C /* Foundation.framework */ = {isa = PBXFileReference; lastKnownFileType = wrapper.framework; name = Foundation.framework; path = System/Library/Frameworks/Foundation.framework; sourceTree = SDKROOT; };
		D9167EB2193E988C00A9602C /* OpenGLES.framework */ = {isa = PBXFileReference; lastKnownFileType = wrapper.framework; name = OpenGLES.framework; path = System/Library/Frameworks/OpenGLES.framework; sourceTree = SDKROOT; };
		D9167EB4193E988C00A9602C /* QuartzCore.framework */ = {isa = PBXFileReference; lastKnownFileType = wrapper.framework; name = QuartzCore.framework; path = System/Library/Frameworks/QuartzCore.framework; sourceTree = SDKROOT; };
		D9167EB6193E988C00A9602C /* UIKit.framework */ = {isa = PBXFileReference; lastKnownFileType = wrapper.framework; name = UIKit.framework; path = System/Library/Frameworks/UIKit.framework; sourceTree = SDKROOT; };
		D9167EBA193E988C00A9602C /* C4Examples-Info.plist */ = {isa = PBXFileReference; lastKnownFileType = text.plist.xml; path = "C4Examples-Info.plist"; sourceTree = "<group>"; };
		D9167EBC193E988C00A9602C /* en */ = {isa = PBXFileReference; lastKnownFileType = text.plist.strings; name = en; path = en.lproj/InfoPlist.strings; sourceTree = "<group>"; };
		D9167EBE193E988C00A9602C /* main.m */ = {isa = PBXFileReference; lastKnownFileType = sourcecode.c.objc; path = main.m; sourceTree = "<group>"; };
		D9167EC0193E988C00A9602C /* C4Examples-Prefix.pch */ = {isa = PBXFileReference; lastKnownFileType = sourcecode.c.h; path = "C4Examples-Prefix.pch"; sourceTree = "<group>"; };
		D9167EC2193E988C00A9602C /* Images.xcassets */ = {isa = PBXFileReference; lastKnownFileType = folder.assetcatalog; path = Images.xcassets; sourceTree = "<group>"; };
		D9167EC4193E988D00A9602C /* Media.xcassets */ = {isa = PBXFileReference; lastKnownFileType = folder.assetcatalog; path = Media.xcassets; sourceTree = "<group>"; };
		D9167EC7193E988D00A9602C /* C4.h */ = {isa = PBXFileReference; lastKnownFileType = sourcecode.c.h; name = C4.h; path = Headers/C4.h; sourceTree = "<group>"; };
		D9167EC8193E988D00A9602C /* C4ActivityIndicator.h */ = {isa = PBXFileReference; lastKnownFileType = sourcecode.c.h; name = C4ActivityIndicator.h; path = Headers/C4ActivityIndicator.h; sourceTree = "<group>"; };
		D9167EC9193E988D00A9602C /* C4AnimationHelper.h */ = {isa = PBXFileReference; lastKnownFileType = sourcecode.c.h; name = C4AnimationHelper.h; path = Headers/C4AnimationHelper.h; sourceTree = "<group>"; };
		D9167ECA193E988D00A9602C /* C4AppDelegate.h */ = {isa = PBXFileReference; lastKnownFileType = sourcecode.c.h; name = C4AppDelegate.h; path = Headers/C4AppDelegate.h; sourceTree = "<group>"; };
		D9167ECB193E988D00A9602C /* C4AssertionHandler.h */ = {isa = PBXFileReference; lastKnownFileType = sourcecode.c.h; name = C4AssertionHandler.h; path = Headers/C4AssertionHandler.h; sourceTree = "<group>"; };
		D9167ECC193E988D00A9602C /* C4Button.h */ = {isa = PBXFileReference; lastKnownFileType = sourcecode.c.h; name = C4Button.h; path = Headers/C4Button.h; sourceTree = "<group>"; };
		D9167ECD193E988D00A9602C /* C4Camera.h */ = {isa = PBXFileReference; lastKnownFileType = sourcecode.c.h; name = C4Camera.h; path = Headers/C4Camera.h; sourceTree = "<group>"; };
		D9167ECE193E988D00A9602C /* C4CanvasController.h */ = {isa = PBXFileReference; lastKnownFileType = sourcecode.c.h; name = C4CanvasController.h; path = Headers/C4CanvasController.h; sourceTree = "<group>"; };
		D9167ECF193E988D00A9602C /* C4Control.h */ = {isa = PBXFileReference; lastKnownFileType = sourcecode.c.h; name = C4Control.h; path = Headers/C4Control.h; sourceTree = "<group>"; };
		D9167ED0193E988D00A9602C /* C4Defines.h */ = {isa = PBXFileReference; lastKnownFileType = sourcecode.c.h; name = C4Defines.h; path = Headers/C4Defines.h; sourceTree = "<group>"; };
		D9167ED1193E988D00A9602C /* C4EAGLESRenderer.h */ = {isa = PBXFileReference; lastKnownFileType = sourcecode.c.h; name = C4EAGLESRenderer.h; path = Headers/C4EAGLESRenderer.h; sourceTree = "<group>"; };
		D9167ED2193E988D00A9602C /* C4EAGLES1Renderer.h */ = {isa = PBXFileReference; lastKnownFileType = sourcecode.c.h; name = C4EAGLES1Renderer.h; path = Headers/C4EAGLES1Renderer.h; sourceTree = "<group>"; };
		D9167ED3193E988D00A9602C /* C4Font.h */ = {isa = PBXFileReference; lastKnownFileType = sourcecode.c.h; name = C4Font.h; path = Headers/C4Font.h; sourceTree = "<group>"; };
		D9167ED4193E988D00A9602C /* C4Foundation.h */ = {isa = PBXFileReference; lastKnownFileType = sourcecode.c.h; name = C4Foundation.h; path = Headers/C4Foundation.h; sourceTree = "<group>"; };
		D9167ED5193E988D00A9602C /* C4GL.h */ = {isa = PBXFileReference; lastKnownFileType = sourcecode.c.h; name = C4GL.h; path = Headers/C4GL.h; sourceTree = "<group>"; };
		D9167ED6193E988D00A9602C /* C4GL1Renderer.h */ = {isa = PBXFileReference; lastKnownFileType = sourcecode.c.h; name = C4GL1Renderer.h; path = Headers/C4GL1Renderer.h; sourceTree = "<group>"; };
		D9167ED7193E988D00A9602C /* C4Image.h */ = {isa = PBXFileReference; lastKnownFileType = sourcecode.c.h; name = C4Image.h; path = Headers/C4Image.h; sourceTree = "<group>"; };
		D9167ED8193E988D00A9602C /* C4Label.h */ = {isa = PBXFileReference; lastKnownFileType = sourcecode.c.h; name = C4Label.h; path = Headers/C4Label.h; sourceTree = "<group>"; };
		D9167ED9193E988D00A9602C /* C4Math.h */ = {isa = PBXFileReference; lastKnownFileType = sourcecode.c.h; name = C4Math.h; path = Headers/C4Math.h; sourceTree = "<group>"; };
		D9167EDA193E988D00A9602C /* C4MethodDelay.h */ = {isa = PBXFileReference; lastKnownFileType = sourcecode.c.h; name = C4MethodDelay.h; path = Headers/C4MethodDelay.h; sourceTree = "<group>"; };
		D9167EDB193E988D00A9602C /* C4Movie.h */ = {isa = PBXFileReference; lastKnownFileType = sourcecode.c.h; name = C4Movie.h; path = Headers/C4Movie.h; sourceTree = "<group>"; };
		D9167EDC193E988D00A9602C /* C4Notification.h */ = {isa = PBXFileReference; lastKnownFileType = sourcecode.c.h; name = C4Notification.h; path = Headers/C4Notification.h; sourceTree = "<group>"; };
		D9167EDD193E988D00A9602C /* C4Object.h */ = {isa = PBXFileReference; lastKnownFileType = sourcecode.c.h; name = C4Object.h; path = Headers/C4Object.h; sourceTree = "<group>"; };
		D9167EDE193E988D00A9602C /* C4Sample.h */ = {isa = PBXFileReference; lastKnownFileType = sourcecode.c.h; name = C4Sample.h; path = Headers/C4Sample.h; sourceTree = "<group>"; };
		D9167EDF193E988D00A9602C /* C4ScrollView.h */ = {isa = PBXFileReference; lastKnownFileType = sourcecode.c.h; name = C4ScrollView.h; path = Headers/C4ScrollView.h; sourceTree = "<group>"; };
		D9167EE0193E988D00A9602C /* C4Shape.h */ = {isa = PBXFileReference; lastKnownFileType = sourcecode.c.h; name = C4Shape.h; path = Headers/C4Shape.h; sourceTree = "<group>"; };
		D9167EE1193E988D00A9602C /* C4Slider.h */ = {isa = PBXFileReference; lastKnownFileType = sourcecode.c.h; name = C4Slider.h; path = Headers/C4Slider.h; sourceTree = "<group>"; };
		D9167EE2193E988D00A9602C /* C4Stepper.h */ = {isa = PBXFileReference; lastKnownFileType = sourcecode.c.h; name = C4Stepper.h; path = Headers/C4Stepper.h; sourceTree = "<group>"; };
		D9167EE3193E988D00A9602C /* C4Switch.h */ = {isa = PBXFileReference; lastKnownFileType = sourcecode.c.h; name = C4Switch.h; path = Headers/C4Switch.h; sourceTree = "<group>"; };
		D9167EE4193E988D00A9602C /* C4Template.h */ = {isa = PBXFileReference; lastKnownFileType = sourcecode.c.h; name = C4Template.h; path = Headers/C4Template.h; sourceTree = "<group>"; };
		D9167EE5193E988D00A9602C /* C4Timer.h */ = {isa = PBXFileReference; lastKnownFileType = sourcecode.c.h; name = C4Timer.h; path = Headers/C4Timer.h; sourceTree = "<group>"; };
		D9167EE6193E988D00A9602C /* C4UIElement.h */ = {isa = PBXFileReference; lastKnownFileType = sourcecode.c.h; name = C4UIElement.h; path = Headers/C4UIElement.h; sourceTree = "<group>"; };
		D9167EE7193E988D00A9602C /* C4UIGLControl.h */ = {isa = PBXFileReference; lastKnownFileType = sourcecode.c.h; name = C4UIGLControl.h; path = Headers/C4UIGLControl.h; sourceTree = "<group>"; };
		D9167EE8193E988D00A9602C /* C4UIMovieControl.h */ = {isa = PBXFileReference; lastKnownFileType = sourcecode.c.h; name = C4UIMovieControl.h; path = Headers/C4UIMovieControl.h; sourceTree = "<group>"; };
		D9167EE9193E988D00A9602C /* C4UIShapeControl.h */ = {isa = PBXFileReference; lastKnownFileType = sourcecode.c.h; name = C4UIShapeControl.h; path = Headers/C4UIShapeControl.h; sourceTree = "<group>"; };
		D9167EEA193E988D00A9602C /* C4Vector.h */ = {isa = PBXFileReference; lastKnownFileType = sourcecode.c.h; name = C4Vector.h; path = Headers/C4Vector.h; sourceTree = "<group>"; };
		D9167EEB193E988D00A9602C /* UIColor+CIColorFix.h */ = {isa = PBXFileReference; lastKnownFileType = sourcecode.c.h; name = "UIColor+CIColorFix.h"; path = "Headers/UIColor+CIColorFix.h"; sourceTree = "<group>"; };
		D9167EEC193E988D00A9602C /* UIView+C4AddControl.h */ = {isa = PBXFileReference; lastKnownFileType = sourcecode.c.h; name = "UIView+C4AddControl.h"; path = "Headers/UIView+C4AddControl.h"; sourceTree = "<group>"; };
		D9167EED193E988D00A9602C /* C4AppDelegate.m */ = {isa = PBXFileReference; lastKnownFileType = sourcecode.c.objc; name = C4AppDelegate.m; path = implementation/C4AppDelegate.m; sourceTree = "<group>"; };
		D9167EEF193E988D00A9602C /* C4Loop.aif */ = {isa = PBXFileReference; lastKnownFileType = file; name = C4Loop.aif; path = Media/C4Loop.aif; sourceTree = "<group>"; };
		D9167EF1193E988D00A9602C /* inception.mov */ = {isa = PBXFileReference; lastKnownFileType = video.quicktime; name = inception.mov; path = Media/inception.mov; sourceTree = "<group>"; };
		D9167EF3193E988D00A9602C /* C4ActivityIndicator.m */ = {isa = PBXFileReference; lastKnownFileType = sourcecode.c.objc; name = C4ActivityIndicator.m; path = implementation/C4ActivityIndicator.m; sourceTree = "<group>"; };
		D9167EF5193E988D00A9602C /* C4AnimationHelper.m */ = {isa = PBXFileReference; lastKnownFileType = sourcecode.c.objc; name = C4AnimationHelper.m; path = implementation/C4AnimationHelper.m; sourceTree = "<group>"; };
		D9167EF7193E988D00A9602C /* C4AssertionHandler.m */ = {isa = PBXFileReference; lastKnownFileType = sourcecode.c.objc; name = C4AssertionHandler.m; path = implementation/C4AssertionHandler.m; sourceTree = "<group>"; };
		D9167EF9193E988D00A9602C /* C4Button.m */ = {isa = PBXFileReference; lastKnownFileType = sourcecode.c.objc; name = C4Button.m; path = implementation/C4Button.m; sourceTree = "<group>"; };
		D9167EFB193E988D00A9602C /* C4Camera.m */ = {isa = PBXFileReference; lastKnownFileType = sourcecode.c.objc; name = C4Camera.m; path = implementation/C4Camera.m; sourceTree = "<group>"; };
		D9167EFD193E988D00A9602C /* C4CanvasController.m */ = {isa = PBXFileReference; lastKnownFileType = sourcecode.c.objc; name = C4CanvasController.m; path = implementation/C4CanvasController.m; sourceTree = "<group>"; };
		D9167EFF193E988D00A9602C /* C4Control.m */ = {isa = PBXFileReference; lastKnownFileType = sourcecode.c.objc; name = C4Control.m; path = implementation/C4Control.m; sourceTree = "<group>"; };
		D9167F01193E988D00A9602C /* C4Defines.m */ = {isa = PBXFileReference; lastKnownFileType = sourcecode.c.objc; name = C4Defines.m; path = implementation/C4Defines.m; sourceTree = "<group>"; };
		D9167F03193E988D00A9602C /* C4EAGLESRenderer.m */ = {isa = PBXFileReference; lastKnownFileType = sourcecode.c.objc; name = C4EAGLESRenderer.m; path = implementation/C4EAGLESRenderer.m; sourceTree = "<group>"; };
		D9167F05193E988D00A9602C /* C4EAGLES1Renderer.m */ = {isa = PBXFileReference; lastKnownFileType = sourcecode.c.objc; name = C4EAGLES1Renderer.m; path = implementation/C4EAGLES1Renderer.m; sourceTree = "<group>"; };
		D9167F07193E988D00A9602C /* C4Font.m */ = {isa = PBXFileReference; lastKnownFileType = sourcecode.c.objc; name = C4Font.m; path = implementation/C4Font.m; sourceTree = "<group>"; };
		D9167F09193E988D00A9602C /* C4Foundation.m */ = {isa = PBXFileReference; lastKnownFileType = sourcecode.c.objc; name = C4Foundation.m; path = implementation/C4Foundation.m; sourceTree = "<group>"; };
		D9167F0B193E988D00A9602C /* C4GL.m */ = {isa = PBXFileReference; lastKnownFileType = sourcecode.c.objc; name = C4GL.m; path = implementation/C4GL.m; sourceTree = "<group>"; };
		D9167F0D193E988D00A9602C /* C4GL1Renderer.m */ = {isa = PBXFileReference; lastKnownFileType = sourcecode.c.objc; name = C4GL1Renderer.m; path = implementation/C4GL1Renderer.m; sourceTree = "<group>"; };
		D9167F0F193E988D00A9602C /* C4Image.m */ = {isa = PBXFileReference; lastKnownFileType = sourcecode.c.objc; name = C4Image.m; path = implementation/C4Image.m; sourceTree = "<group>"; };
		D9167F11193E988D00A9602C /* C4Label.m */ = {isa = PBXFileReference; lastKnownFileType = sourcecode.c.objc; name = C4Label.m; path = implementation/C4Label.m; sourceTree = "<group>"; };
		D9167F13193E988D00A9602C /* C4Math.m */ = {isa = PBXFileReference; lastKnownFileType = sourcecode.c.objc; name = C4Math.m; path = implementation/C4Math.m; sourceTree = "<group>"; };
		D9167F15193E988D00A9602C /* C4Movie.m */ = {isa = PBXFileReference; lastKnownFileType = sourcecode.c.objc; name = C4Movie.m; path = implementation/C4Movie.m; sourceTree = "<group>"; };
		D9167F17193E988D00A9602C /* C4Object.m */ = {isa = PBXFileReference; lastKnownFileType = sourcecode.c.objc; name = C4Object.m; path = implementation/C4Object.m; sourceTree = "<group>"; };
		D9167F19193E988D00A9602C /* C4Sample.m */ = {isa = PBXFileReference; lastKnownFileType = sourcecode.c.objc; name = C4Sample.m; path = implementation/C4Sample.m; sourceTree = "<group>"; };
		D9167F1B193E988D00A9602C /* C4ScrollView.m */ = {isa = PBXFileReference; lastKnownFileType = sourcecode.c.objc; name = C4ScrollView.m; path = implementation/C4ScrollView.m; sourceTree = "<group>"; };
		D9167F1D193E988D00A9602C /* C4Shape.m */ = {isa = PBXFileReference; lastKnownFileType = sourcecode.c.objc; name = C4Shape.m; path = implementation/C4Shape.m; sourceTree = "<group>"; };
		D9167F1F193E988D00A9602C /* C4Slider.m */ = {isa = PBXFileReference; lastKnownFileType = sourcecode.c.objc; name = C4Slider.m; path = implementation/C4Slider.m; sourceTree = "<group>"; };
		D9167F21193E988D00A9602C /* C4Stepper.m */ = {isa = PBXFileReference; lastKnownFileType = sourcecode.c.objc; name = C4Stepper.m; path = implementation/C4Stepper.m; sourceTree = "<group>"; };
		D9167F23193E988D00A9602C /* C4Switch.m */ = {isa = PBXFileReference; lastKnownFileType = sourcecode.c.objc; name = C4Switch.m; path = implementation/C4Switch.m; sourceTree = "<group>"; };
		D9167F25193E988D00A9602C /* C4Template.m */ = {isa = PBXFileReference; lastKnownFileType = sourcecode.c.objc; name = C4Template.m; path = implementation/C4Template.m; sourceTree = "<group>"; };
		D9167F27193E988D00A9602C /* C4Timer.m */ = {isa = PBXFileReference; lastKnownFileType = sourcecode.c.objc; name = C4Timer.m; path = implementation/C4Timer.m; sourceTree = "<group>"; };
		D9167F29193E988D00A9602C /* C4UIElement.m */ = {isa = PBXFileReference; lastKnownFileType = sourcecode.c.objc; name = C4UIElement.m; path = implementation/C4UIElement.m; sourceTree = "<group>"; };
		D9167F2B193E988D00A9602C /* C4Vector.m */ = {isa = PBXFileReference; lastKnownFileType = sourcecode.c.objc; name = C4Vector.m; path = implementation/C4Vector.m; sourceTree = "<group>"; };
		D9167F2D193E988D00A9602C /* C4UIGLControl.m */ = {isa = PBXFileReference; lastKnownFileType = sourcecode.c.objc; name = C4UIGLControl.m; path = implementation/C4UIGLControl.m; sourceTree = "<group>"; };
		D9167F2F193E988D00A9602C /* C4UIMovieControl.m */ = {isa = PBXFileReference; lastKnownFileType = sourcecode.c.objc; name = C4UIMovieControl.m; path = implementation/C4UIMovieControl.m; sourceTree = "<group>"; };
		D9167F31193E988D00A9602C /* C4UIShapeControl.m */ = {isa = PBXFileReference; lastKnownFileType = sourcecode.c.objc; name = C4UIShapeControl.m; path = implementation/C4UIShapeControl.m; sourceTree = "<group>"; };
		D9167F33193E988D00A9602C /* UIColor+CIColorFix.m */ = {isa = PBXFileReference; lastKnownFileType = sourcecode.c.objc; name = "UIColor+CIColorFix.m"; path = "implementation/UIColor+CIColorFix.m"; sourceTree = "<group>"; };
		D9167F35193E988D00A9602C /* UIView+C4AddControl.m */ = {isa = PBXFileReference; lastKnownFileType = sourcecode.c.objc; name = "UIView+C4AddControl.m"; path = "implementation/UIView+C4AddControl.m"; sourceTree = "<group>"; };
		D9167F39193E988D00A9602C /* Base */ = {isa = PBXFileReference; lastKnownFileType = file.storyboard; name = Base; path = Base.lproj/Main_iPhone.storyboard; sourceTree = "<group>"; };
		D9167F3C193E988D00A9602C /* Base */ = {isa = PBXFileReference; lastKnownFileType = file.storyboard; name = Base; path = Base.lproj/Main_iPad.storyboard; sourceTree = "<group>"; };
		D9167F3E193E988D00A9602C /* C4WorkSpace.h */ = {isa = PBXFileReference; lastKnownFileType = sourcecode.c.h; path = C4WorkSpace.h; sourceTree = "<group>"; };
		D9167F3F193E988D00A9602C /* C4WorkSpace.m */ = {isa = PBXFileReference; lastKnownFileType = sourcecode.c.objc; path = C4WorkSpace.m; sourceTree = "<group>"; };
		D9167F45193E988D00A9602C /* C4ExamplesTests.xctest */ = {isa = PBXFileReference; explicitFileType = wrapper.cfbundle; includeInIndex = 0; path = C4ExamplesTests.xctest; sourceTree = BUILT_PRODUCTS_DIR; };
		D9167F46193E988D00A9602C /* XCTest.framework */ = {isa = PBXFileReference; lastKnownFileType = wrapper.framework; name = XCTest.framework; path = Library/Frameworks/XCTest.framework; sourceTree = DEVELOPER_DIR; };
		D9167F4E193E988D00A9602C /* C4ExamplesTests-Info.plist */ = {isa = PBXFileReference; lastKnownFileType = text.plist.xml; path = "C4ExamplesTests-Info.plist"; sourceTree = "<group>"; };
		D9167F50193E988D00A9602C /* en */ = {isa = PBXFileReference; lastKnownFileType = text.plist.strings; name = en; path = en.lproj/InfoPlist.strings; sourceTree = "<group>"; };
		D9167F52193E988D00A9602C /* C4ExamplesTests.m */ = {isa = PBXFileReference; lastKnownFileType = sourcecode.c.objc; path = C4ExamplesTests.m; sourceTree = "<group>"; };
		D916C3271943CF2400846C5C /* Images01.h */ = {isa = PBXFileReference; fileEncoding = 4; lastKnownFileType = sourcecode.c.h; path = Images01.h; sourceTree = "<group>"; };
		D916C3281943CF2400846C5C /* Images01.m */ = {isa = PBXFileReference; fileEncoding = 4; lastKnownFileType = sourcecode.c.objc; path = Images01.m; sourceTree = "<group>"; };
		D916C3291943CF2400846C5C /* Images02.h */ = {isa = PBXFileReference; fileEncoding = 4; lastKnownFileType = sourcecode.c.h; path = Images02.h; sourceTree = "<group>"; };
		D916C32A1943CF2400846C5C /* Images02.m */ = {isa = PBXFileReference; fileEncoding = 4; lastKnownFileType = sourcecode.c.objc; path = Images02.m; sourceTree = "<group>"; };
		D916C32B1943CF2400846C5C /* Images03.h */ = {isa = PBXFileReference; fileEncoding = 4; lastKnownFileType = sourcecode.c.h; path = Images03.h; sourceTree = "<group>"; };
		D916C32C1943CF2400846C5C /* Images03.m */ = {isa = PBXFileReference; fileEncoding = 4; lastKnownFileType = sourcecode.c.objc; path = Images03.m; sourceTree = "<group>"; };
		D916C32D1943CF2400846C5C /* Images04.h */ = {isa = PBXFileReference; fileEncoding = 4; lastKnownFileType = sourcecode.c.h; path = Images04.h; sourceTree = "<group>"; };
		D916C32E1943CF2400846C5C /* Images04.m */ = {isa = PBXFileReference; fileEncoding = 4; lastKnownFileType = sourcecode.c.objc; path = Images04.m; sourceTree = "<group>"; };
		D916C32F1943CF2400846C5C /* Images05.h */ = {isa = PBXFileReference; fileEncoding = 4; lastKnownFileType = sourcecode.c.h; path = Images05.h; sourceTree = "<group>"; };
		D916C3301943CF2400846C5C /* Images05.m */ = {isa = PBXFileReference; fileEncoding = 4; lastKnownFileType = sourcecode.c.objc; path = Images05.m; sourceTree = "<group>"; };
		D916C3311943CF2400846C5C /* Images06.h */ = {isa = PBXFileReference; fileEncoding = 4; lastKnownFileType = sourcecode.c.h; path = Images06.h; sourceTree = "<group>"; };
		D916C3321943CF2400846C5C /* Images06.m */ = {isa = PBXFileReference; fileEncoding = 4; lastKnownFileType = sourcecode.c.objc; path = Images06.m; sourceTree = "<group>"; };
		D916C3331943CF2400846C5C /* Images07.h */ = {isa = PBXFileReference; fileEncoding = 4; lastKnownFileType = sourcecode.c.h; path = Images07.h; sourceTree = "<group>"; };
		D916C3341943CF2400846C5C /* Images07.m */ = {isa = PBXFileReference; fileEncoding = 4; lastKnownFileType = sourcecode.c.objc; path = Images07.m; sourceTree = "<group>"; };
		D916C3351943CF2400846C5C /* Images08.h */ = {isa = PBXFileReference; fileEncoding = 4; lastKnownFileType = sourcecode.c.h; path = Images08.h; sourceTree = "<group>"; };
		D916C3361943CF2400846C5C /* Images08.m */ = {isa = PBXFileReference; fileEncoding = 4; lastKnownFileType = sourcecode.c.objc; path = Images08.m; sourceTree = "<group>"; };
		D916C3381943CF2400846C5C /* Movies01.h */ = {isa = PBXFileReference; fileEncoding = 4; lastKnownFileType = sourcecode.c.h; path = Movies01.h; sourceTree = "<group>"; };
		D916C3391943CF2400846C5C /* Movies01.m */ = {isa = PBXFileReference; fileEncoding = 4; lastKnownFileType = sourcecode.c.objc; path = Movies01.m; sourceTree = "<group>"; };
		D916C33A1943CF2400846C5C /* Movies02.h */ = {isa = PBXFileReference; fileEncoding = 4; lastKnownFileType = sourcecode.c.h; path = Movies02.h; sourceTree = "<group>"; };
		D916C33B1943CF2400846C5C /* Movies02.m */ = {isa = PBXFileReference; fileEncoding = 4; lastKnownFileType = sourcecode.c.objc; path = Movies02.m; sourceTree = "<group>"; };
		D916C33C1943CF2400846C5C /* Movies03.h */ = {isa = PBXFileReference; fileEncoding = 4; lastKnownFileType = sourcecode.c.h; path = Movies03.h; sourceTree = "<group>"; };
		D916C33D1943CF2400846C5C /* Movies03.m */ = {isa = PBXFileReference; fileEncoding = 4; lastKnownFileType = sourcecode.c.objc; path = Movies03.m; sourceTree = "<group>"; };
		D916C33E1943CF2400846C5C /* Movies04.h */ = {isa = PBXFileReference; fileEncoding = 4; lastKnownFileType = sourcecode.c.h; path = Movies04.h; sourceTree = "<group>"; };
		D916C33F1943CF2400846C5C /* Movies04.m */ = {isa = PBXFileReference; fileEncoding = 4; lastKnownFileType = sourcecode.c.objc; path = Movies04.m; sourceTree = "<group>"; };
		D916C3401943CF2400846C5C /* Movies05.h */ = {isa = PBXFileReference; fileEncoding = 4; lastKnownFileType = sourcecode.c.h; path = Movies05.h; sourceTree = "<group>"; };
		D916C3411943CF2400846C5C /* Movies05.m */ = {isa = PBXFileReference; fileEncoding = 4; lastKnownFileType = sourcecode.c.objc; path = Movies05.m; sourceTree = "<group>"; };
		D916C3421943CF2400846C5C /* Movies06.h */ = {isa = PBXFileReference; fileEncoding = 4; lastKnownFileType = sourcecode.c.h; path = Movies06.h; sourceTree = "<group>"; };
		D916C3431943CF2400846C5C /* Movies06.m */ = {isa = PBXFileReference; fileEncoding = 4; lastKnownFileType = sourcecode.c.objc; path = Movies06.m; sourceTree = "<group>"; };
		D916C3441943CF2400846C5C /* Movies07.h */ = {isa = PBXFileReference; fileEncoding = 4; lastKnownFileType = sourcecode.c.h; path = Movies07.h; sourceTree = "<group>"; };
		D916C3451943CF2400846C5C /* Movies07.m */ = {isa = PBXFileReference; fileEncoding = 4; lastKnownFileType = sourcecode.c.objc; path = Movies07.m; sourceTree = "<group>"; };
		D916C3461943CF2400846C5C /* Movies08.h */ = {isa = PBXFileReference; fileEncoding = 4; lastKnownFileType = sourcecode.c.h; path = Movies08.h; sourceTree = "<group>"; };
		D916C3471943CF2400846C5C /* Movies08.m */ = {isa = PBXFileReference; fileEncoding = 4; lastKnownFileType = sourcecode.c.objc; path = Movies08.m; sourceTree = "<group>"; };
		D916C3481943CF2400846C5C /* Movies09.h */ = {isa = PBXFileReference; fileEncoding = 4; lastKnownFileType = sourcecode.c.h; path = Movies09.h; sourceTree = "<group>"; };
		D916C3491943CF2400846C5C /* Movies09.m */ = {isa = PBXFileReference; fileEncoding = 4; lastKnownFileType = sourcecode.c.objc; path = Movies09.m; sourceTree = "<group>"; };
		D916C34A1943CF2400846C5C /* Movies10.h */ = {isa = PBXFileReference; fileEncoding = 4; lastKnownFileType = sourcecode.c.h; path = Movies10.h; sourceTree = "<group>"; };
		D916C34B1943CF2400846C5C /* Movies10.m */ = {isa = PBXFileReference; fileEncoding = 4; lastKnownFileType = sourcecode.c.objc; path = Movies10.m; sourceTree = "<group>"; };
		D916C34D1943CF2400846C5C /* Shapes01.h */ = {isa = PBXFileReference; fileEncoding = 4; lastKnownFileType = sourcecode.c.h; path = Shapes01.h; sourceTree = "<group>"; };
		D916C34E1943CF2400846C5C /* Shapes01.m */ = {isa = PBXFileReference; fileEncoding = 4; lastKnownFileType = sourcecode.c.objc; path = Shapes01.m; sourceTree = "<group>"; };
		D916C34F1943CF2400846C5C /* Shapes02.h */ = {isa = PBXFileReference; fileEncoding = 4; lastKnownFileType = sourcecode.c.h; path = Shapes02.h; sourceTree = "<group>"; };
		D916C3501943CF2400846C5C /* Shapes02.m */ = {isa = PBXFileReference; fileEncoding = 4; lastKnownFileType = sourcecode.c.objc; path = Shapes02.m; sourceTree = "<group>"; };
		D916C3511943CF2400846C5C /* Shapes03.h */ = {isa = PBXFileReference; fileEncoding = 4; lastKnownFileType = sourcecode.c.h; path = Shapes03.h; sourceTree = "<group>"; };
		D916C3521943CF2400846C5C /* Shapes03.m */ = {isa = PBXFileReference; fileEncoding = 4; lastKnownFileType = sourcecode.c.objc; path = Shapes03.m; sourceTree = "<group>"; };
		D916C3531943CF2400846C5C /* Shapes04.h */ = {isa = PBXFileReference; fileEncoding = 4; lastKnownFileType = sourcecode.c.h; path = Shapes04.h; sourceTree = "<group>"; };
		D916C3541943CF2400846C5C /* Shapes04.m */ = {isa = PBXFileReference; fileEncoding = 4; lastKnownFileType = sourcecode.c.objc; path = Shapes04.m; sourceTree = "<group>"; };
		D916C3551943CF2400846C5C /* Shapes05.h */ = {isa = PBXFileReference; fileEncoding = 4; lastKnownFileType = sourcecode.c.h; path = Shapes05.h; sourceTree = "<group>"; };
		D916C3561943CF2400846C5C /* Shapes05.m */ = {isa = PBXFileReference; fileEncoding = 4; lastKnownFileType = sourcecode.c.objc; path = Shapes05.m; sourceTree = "<group>"; };
		D916C3571943CF2400846C5C /* Shapes06.h */ = {isa = PBXFileReference; fileEncoding = 4; lastKnownFileType = sourcecode.c.h; path = Shapes06.h; sourceTree = "<group>"; };
		D916C3581943CF2400846C5C /* Shapes06.m */ = {isa = PBXFileReference; fileEncoding = 4; lastKnownFileType = sourcecode.c.objc; path = Shapes06.m; sourceTree = "<group>"; };
		D916C3591943CF2400846C5C /* Shapes07.h */ = {isa = PBXFileReference; fileEncoding = 4; lastKnownFileType = sourcecode.c.h; path = Shapes07.h; sourceTree = "<group>"; };
		D916C35A1943CF2400846C5C /* Shapes07.m */ = {isa = PBXFileReference; fileEncoding = 4; lastKnownFileType = sourcecode.c.objc; path = Shapes07.m; sourceTree = "<group>"; };
		D916C35B1943CF2400846C5C /* Shapes08.h */ = {isa = PBXFileReference; fileEncoding = 4; lastKnownFileType = sourcecode.c.h; path = Shapes08.h; sourceTree = "<group>"; };
		D916C35C1943CF2400846C5C /* Shapes08.m */ = {isa = PBXFileReference; fileEncoding = 4; lastKnownFileType = sourcecode.c.objc; path = Shapes08.m; sourceTree = "<group>"; };
		D916C35D1943CF2400846C5C /* Shapes09.h */ = {isa = PBXFileReference; fileEncoding = 4; lastKnownFileType = sourcecode.c.h; path = Shapes09.h; sourceTree = "<group>"; };
		D916C35E1943CF2400846C5C /* Shapes09.m */ = {isa = PBXFileReference; fileEncoding = 4; lastKnownFileType = sourcecode.c.objc; path = Shapes09.m; sourceTree = "<group>"; };
		D916C35F1943CF2400846C5C /* Shapes10.h */ = {isa = PBXFileReference; fileEncoding = 4; lastKnownFileType = sourcecode.c.h; path = Shapes10.h; sourceTree = "<group>"; };
		D916C3601943CF2400846C5C /* Shapes10.m */ = {isa = PBXFileReference; fileEncoding = 4; lastKnownFileType = sourcecode.c.objc; path = Shapes10.m; sourceTree = "<group>"; };
		D916C3611943CF2400846C5C /* Shapes11.h */ = {isa = PBXFileReference; fileEncoding = 4; lastKnownFileType = sourcecode.c.h; path = Shapes11.h; sourceTree = "<group>"; };
		D916C3621943CF2400846C5C /* Shapes11.m */ = {isa = PBXFileReference; fileEncoding = 4; lastKnownFileType = sourcecode.c.objc; path = Shapes11.m; sourceTree = "<group>"; };
		D916C3631943CF2400846C5C /* Shapes12.h */ = {isa = PBXFileReference; fileEncoding = 4; lastKnownFileType = sourcecode.c.h; path = Shapes12.h; sourceTree = "<group>"; };
		D916C3641943CF2400846C5C /* Shapes12.m */ = {isa = PBXFileReference; fileEncoding = 4; lastKnownFileType = sourcecode.c.objc; path = Shapes12.m; sourceTree = "<group>"; };
		D916C3651943CF2400846C5C /* Shapes13.h */ = {isa = PBXFileReference; fileEncoding = 4; lastKnownFileType = sourcecode.c.h; path = Shapes13.h; sourceTree = "<group>"; };
		D916C3661943CF2400846C5C /* Shapes13.m */ = {isa = PBXFileReference; fileEncoding = 4; lastKnownFileType = sourcecode.c.objc; path = Shapes13.m; sourceTree = "<group>"; };
		D916C3671943CF2400846C5C /* Shapes14.h */ = {isa = PBXFileReference; fileEncoding = 4; lastKnownFileType = sourcecode.c.h; path = Shapes14.h; sourceTree = "<group>"; };
		D916C3681943CF2400846C5C /* Shapes14.m */ = {isa = PBXFileReference; fileEncoding = 4; lastKnownFileType = sourcecode.c.objc; path = Shapes14.m; sourceTree = "<group>"; };
		D916C3691943CF2400846C5C /* Shapes15.h */ = {isa = PBXFileReference; fileEncoding = 4; lastKnownFileType = sourcecode.c.h; path = Shapes15.h; sourceTree = "<group>"; };
		D916C36A1943CF2400846C5C /* Shapes15.m */ = {isa = PBXFileReference; fileEncoding = 4; lastKnownFileType = sourcecode.c.objc; path = Shapes15.m; sourceTree = "<group>"; };
		D916C36B1943CF2400846C5C /* Shapes16.h */ = {isa = PBXFileReference; fileEncoding = 4; lastKnownFileType = sourcecode.c.h; path = Shapes16.h; sourceTree = "<group>"; };
		D916C36C1943CF2400846C5C /* Shapes16.m */ = {isa = PBXFileReference; fileEncoding = 4; lastKnownFileType = sourcecode.c.objc; path = Shapes16.m; sourceTree = "<group>"; };
		D916C36D1943CF2400846C5C /* Shapes17.h */ = {isa = PBXFileReference; fileEncoding = 4; lastKnownFileType = sourcecode.c.h; path = Shapes17.h; sourceTree = "<group>"; };
		D916C36E1943CF2400846C5C /* Shapes17.m */ = {isa = PBXFileReference; fileEncoding = 4; lastKnownFileType = sourcecode.c.objc; path = Shapes17.m; sourceTree = "<group>"; };
		D916C36F1943CF2400846C5C /* Shapes18.h */ = {isa = PBXFileReference; fileEncoding = 4; lastKnownFileType = sourcecode.c.h; path = Shapes18.h; sourceTree = "<group>"; };
		D916C3701943CF2400846C5C /* Shapes18.m */ = {isa = PBXFileReference; fileEncoding = 4; lastKnownFileType = sourcecode.c.objc; path = Shapes18.m; sourceTree = "<group>"; };
		D916C3711943CF2400846C5C /* Shapes19.h */ = {isa = PBXFileReference; fileEncoding = 4; lastKnownFileType = sourcecode.c.h; path = Shapes19.h; sourceTree = "<group>"; };
		D916C3721943CF2400846C5C /* Shapes19.m */ = {isa = PBXFileReference; fileEncoding = 4; lastKnownFileType = sourcecode.c.objc; path = Shapes19.m; sourceTree = "<group>"; };
		D916C3731943CF2400846C5C /* Shapes20.h */ = {isa = PBXFileReference; fileEncoding = 4; lastKnownFileType = sourcecode.c.h; path = Shapes20.h; sourceTree = "<group>"; };
		D916C3741943CF2400846C5C /* Shapes20.m */ = {isa = PBXFileReference; fileEncoding = 4; lastKnownFileType = sourcecode.c.objc; path = Shapes20.m; sourceTree = "<group>"; };
/* End PBXFileReference section */

/* Begin PBXFrameworksBuildPhase section */
		D9167E9C193E988C00A9602C /* Frameworks */ = {
			isa = PBXFrameworksBuildPhase;
			buildActionMask = 2147483647;
			files = (
				D9167EB5193E988C00A9602C /* QuartzCore.framework in Frameworks */,
				D9167EB7193E988C00A9602C /* UIKit.framework in Frameworks */,
				D9167EAD193E988C00A9602C /* CoreMedia.framework in Frameworks */,
				D9167EA9193E988C00A9602C /* CoreGraphics.framework in Frameworks */,
				D9167EA5193E988C00A9602C /* AVFoundation.framework in Frameworks */,
				D9167EAB193E988C00A9602C /* CoreImage.framework in Frameworks */,
				D9167EAF193E988C00A9602C /* CoreText.framework in Frameworks */,
				D9167EA3193E988C00A9602C /* Accelerate.framework in Frameworks */,
				D9167EA7193E988C00A9602C /* CoreFoundation.framework in Frameworks */,
				D9167EB1193E988C00A9602C /* Foundation.framework in Frameworks */,
				D9167EB3193E988C00A9602C /* OpenGLES.framework in Frameworks */,
			);
			runOnlyForDeploymentPostprocessing = 0;
		};
		D9167F42193E988D00A9602C /* Frameworks */ = {
			isa = PBXFrameworksBuildPhase;
			buildActionMask = 2147483647;
			files = (
				D9167F47193E988D00A9602C /* XCTest.framework in Frameworks */,
				D9167F49193E988D00A9602C /* UIKit.framework in Frameworks */,
				D9167F48193E988D00A9602C /* Foundation.framework in Frameworks */,
			);
			runOnlyForDeploymentPostprocessing = 0;
		};
/* End PBXFrameworksBuildPhase section */

/* Begin PBXGroup section */
		C44E69791944E163006244AF /* Labels */ = {
			isa = PBXGroup;
			children = (
				C44E69D51944F4E2006244AF /* Labels01.h */,
				C44E69D61944F4E2006244AF /* Labels01.m */,
				C44E69801944E1F2006244AF /* Labels02.h */,
				C44E69811944E1F2006244AF /* Labels02.m */,
				C44E69D71944F4E2006244AF /* Labels03.h */,
				C44E69D81944F4E2006244AF /* Labels03.m */,
				C44E69D91944F4E2006244AF /* Labels04.h */,
				C44E69DA1944F4E2006244AF /* Labels04.m */,
				C44E69DB1944F4E2006244AF /* Labels05.h */,
				C44E69DC1944F4E2006244AF /* Labels05.m */,
				C44E69DD1944F4E2006244AF /* Labels06.h */,
				C44E69DE1944F4E2006244AF /* Labels06.m */,
				C44E69DF1944F4E2006244AF /* Labels07.h */,
				C44E69E01944F4E2006244AF /* Labels07.m */,
				C44E69E11944F4E2006244AF /* Labels08.h */,
				C44E69E21944F4E2006244AF /* Labels08.m */,
				C44E69E31944F4E2006244AF /* Labels09.h */,
				C44E69E41944F4E2006244AF /* Labels09.m */,
				C44E69E51944F4E2006244AF /* Labels10.h */,
				C44E69E61944F4E2006244AF /* Labels10.m */,
				C44E69E71944F4E2006244AF /* Labels11.h */,
				C44E69E81944F4E2006244AF /* Labels11.m */,
				C44E69E91944F4E2006244AF /* Labels12.h */,
				C44E69EA1944F4E2006244AF /* Labels12.m */,
				C44E69EB1944F4E2006244AF /* Labels13.h */,
				C44E69EC1944F4E2006244AF /* Labels13.m */,
				C44E69ED1944F4E2006244AF /* Labels14.h */,
				C44E69EE1944F4E2006244AF /* Labels14.m */,
				C44E69EF1944F4E2006244AF /* Labels15.h */,
				C44E69F01944F4E2006244AF /* Labels15.m */,
				C44E6A031944F708006244AF /* Labels16.h */,
				C44E6A041944F708006244AF /* Labels16.m */,
				C44E6A091944F7CB006244AF /* Labels17.h */,
				C44E6A0A1944F7CB006244AF /* Labels17.m */,
				C44E6A0F1944F8BA006244AF /* Labels18.h */,
				C44E6A101944F8BA006244AF /* Labels18.m */,
				C44E6A151944F925006244AF /* Labels19.h */,
				C44E6A161944F925006244AF /* Labels19.m */,
				C44E6A1B1944FA96006244AF /* Labels20.h */,
				C44E6A1C1944FA96006244AF /* Labels20.m */,
				C44E6A1E1944FAC8006244AF /* Labels21.h */,
				C44E6A1F1944FAC8006244AF /* Labels21.m */,
			);
			name = Labels;
			path = Shapes;
			sourceTree = "<group>";
		};
		D9167E96193E988C00A9602C = {
			isa = PBXGroup;
			children = (
				D9167EB8193E988C00A9602C /* C4Examples */,
				D9167F4C193E988D00A9602C /* C4ExamplesTests */,
				D9167EA1193E988C00A9602C /* Frameworks */,
				D9167EA0193E988C00A9602C /* Products */,
			);
			sourceTree = "<group>";
		};
		D9167EA0193E988C00A9602C /* Products */ = {
			isa = PBXGroup;
			children = (
				D9167E9F193E988C00A9602C /* C4Examples.app */,
				D9167F45193E988D00A9602C /* C4ExamplesTests.xctest */,
			);
			name = Products;
			sourceTree = "<group>";
		};
		D9167EA1193E988C00A9602C /* Frameworks */ = {
			isa = PBXGroup;
			children = (
				D9167EA2193E988C00A9602C /* Accelerate.framework */,
				D9167EA4193E988C00A9602C /* AVFoundation.framework */,
				D9167EA6193E988C00A9602C /* CoreFoundation.framework */,
				D9167EA8193E988C00A9602C /* CoreGraphics.framework */,
				D9167EAA193E988C00A9602C /* CoreImage.framework */,
				D9167EAC193E988C00A9602C /* CoreMedia.framework */,
				D9167EAE193E988C00A9602C /* CoreText.framework */,
				D9167EB0193E988C00A9602C /* Foundation.framework */,
				D9167EB2193E988C00A9602C /* OpenGLES.framework */,
				D9167EB4193E988C00A9602C /* QuartzCore.framework */,
				D9167EB6193E988C00A9602C /* UIKit.framework */,
				D9167F46193E988D00A9602C /* XCTest.framework */,
			);
			name = Frameworks;
			sourceTree = "<group>";
		};
		D9167EB8193E988C00A9602C /* C4Examples */ = {
			isa = PBXGroup;
			children = (
				D9167F3E193E988D00A9602C /* C4WorkSpace.h */,
				D9167F3F193E988D00A9602C /* C4WorkSpace.m */,
				D9167F5C193E98C200A9602C /* Examples */,
				D9167EC1193E988C00A9602C /* Media */,
				D9167EC6193E988D00A9602C /* Framework */,
				D9167F37193E988D00A9602C /* Storyboards */,
				D9167EB9193E988C00A9602C /* Supporting Files */,
			);
			path = C4Examples;
			sourceTree = "<group>";
		};
		D9167EB9193E988C00A9602C /* Supporting Files */ = {
			isa = PBXGroup;
			children = (
				D9167EBA193E988C00A9602C /* C4Examples-Info.plist */,
				D9167EBB193E988C00A9602C /* InfoPlist.strings */,
				D9167EBE193E988C00A9602C /* main.m */,
				D9167EC0193E988C00A9602C /* C4Examples-Prefix.pch */,
				D9167ECA193E988D00A9602C /* C4AppDelegate.h */,
				D9167EED193E988D00A9602C /* C4AppDelegate.m */,
			);
			name = "Supporting Files";
			sourceTree = "<group>";
		};
		D9167EC1193E988C00A9602C /* Media */ = {
			isa = PBXGroup;
			children = (
				D9167EC2193E988C00A9602C /* Images.xcassets */,
				D9167EC4193E988D00A9602C /* Media.xcassets */,
				D9167EEF193E988D00A9602C /* C4Loop.aif */,
				D9167EF1193E988D00A9602C /* inception.mov */,
			);
			name = Media;
			sourceTree = "<group>";
		};
		D9167EC6193E988D00A9602C /* Framework */ = {
			isa = PBXGroup;
			children = (
				D9167EC7193E988D00A9602C /* C4.h */,
				D9167EC8193E988D00A9602C /* C4ActivityIndicator.h */,
				D9167EC9193E988D00A9602C /* C4AnimationHelper.h */,
				D9167ECB193E988D00A9602C /* C4AssertionHandler.h */,
				D9167ECC193E988D00A9602C /* C4Button.h */,
				D9167ECD193E988D00A9602C /* C4Camera.h */,
				D9167ECE193E988D00A9602C /* C4CanvasController.h */,
				D9167ECF193E988D00A9602C /* C4Control.h */,
				D9167ED0193E988D00A9602C /* C4Defines.h */,
				D9167ED1193E988D00A9602C /* C4EAGLESRenderer.h */,
				D9167ED2193E988D00A9602C /* C4EAGLES1Renderer.h */,
				D9167ED3193E988D00A9602C /* C4Font.h */,
				D9167ED4193E988D00A9602C /* C4Foundation.h */,
				D9167ED5193E988D00A9602C /* C4GL.h */,
				D9167ED6193E988D00A9602C /* C4GL1Renderer.h */,
				D9167ED7193E988D00A9602C /* C4Image.h */,
				D9167ED8193E988D00A9602C /* C4Label.h */,
				D9167ED9193E988D00A9602C /* C4Math.h */,
				D9167EDA193E988D00A9602C /* C4MethodDelay.h */,
				D9167EDB193E988D00A9602C /* C4Movie.h */,
				D9167EDC193E988D00A9602C /* C4Notification.h */,
				D9167EDD193E988D00A9602C /* C4Object.h */,
				D9167EDE193E988D00A9602C /* C4Sample.h */,
				D9167EDF193E988D00A9602C /* C4ScrollView.h */,
				D9167EE0193E988D00A9602C /* C4Shape.h */,
				D9167EE1193E988D00A9602C /* C4Slider.h */,
				D9167EE2193E988D00A9602C /* C4Stepper.h */,
				D9167EE3193E988D00A9602C /* C4Switch.h */,
				D9167EE4193E988D00A9602C /* C4Template.h */,
				D9167EE5193E988D00A9602C /* C4Timer.h */,
				D9167EE6193E988D00A9602C /* C4UIElement.h */,
				D9167EE7193E988D00A9602C /* C4UIGLControl.h */,
				D9167EE8193E988D00A9602C /* C4UIMovieControl.h */,
				D9167EE9193E988D00A9602C /* C4UIShapeControl.h */,
				D9167EEA193E988D00A9602C /* C4Vector.h */,
				D9167EEB193E988D00A9602C /* UIColor+CIColorFix.h */,
				D9167EEC193E988D00A9602C /* UIView+C4AddControl.h */,
				D9167EF3193E988D00A9602C /* C4ActivityIndicator.m */,
				D9167EF5193E988D00A9602C /* C4AnimationHelper.m */,
				D9167EF7193E988D00A9602C /* C4AssertionHandler.m */,
				D9167EF9193E988D00A9602C /* C4Button.m */,
				D9167EFB193E988D00A9602C /* C4Camera.m */,
				D9167EFD193E988D00A9602C /* C4CanvasController.m */,
				D9167EFF193E988D00A9602C /* C4Control.m */,
				D9167F01193E988D00A9602C /* C4Defines.m */,
				D9167F03193E988D00A9602C /* C4EAGLESRenderer.m */,
				D9167F05193E988D00A9602C /* C4EAGLES1Renderer.m */,
				D9167F07193E988D00A9602C /* C4Font.m */,
				D9167F09193E988D00A9602C /* C4Foundation.m */,
				D9167F0B193E988D00A9602C /* C4GL.m */,
				D9167F0D193E988D00A9602C /* C4GL1Renderer.m */,
				D9167F0F193E988D00A9602C /* C4Image.m */,
				D9167F11193E988D00A9602C /* C4Label.m */,
				D9167F13193E988D00A9602C /* C4Math.m */,
				D9167F15193E988D00A9602C /* C4Movie.m */,
				D9167F17193E988D00A9602C /* C4Object.m */,
				D9167F19193E988D00A9602C /* C4Sample.m */,
				D9167F1B193E988D00A9602C /* C4ScrollView.m */,
				D9167F1D193E988D00A9602C /* C4Shape.m */,
				D9167F1F193E988D00A9602C /* C4Slider.m */,
				D9167F21193E988D00A9602C /* C4Stepper.m */,
				D9167F23193E988D00A9602C /* C4Switch.m */,
				D9167F25193E988D00A9602C /* C4Template.m */,
				D9167F27193E988D00A9602C /* C4Timer.m */,
				D9167F29193E988D00A9602C /* C4UIElement.m */,
				D9167F2B193E988D00A9602C /* C4Vector.m */,
				D9167F2D193E988D00A9602C /* C4UIGLControl.m */,
				D9167F2F193E988D00A9602C /* C4UIMovieControl.m */,
				D9167F31193E988D00A9602C /* C4UIShapeControl.m */,
				D9167F33193E988D00A9602C /* UIColor+CIColorFix.m */,
				D9167F35193E988D00A9602C /* UIView+C4AddControl.m */,
			);
			name = Framework;
			sourceTree = "<group>";
		};
		D9167F37193E988D00A9602C /* Storyboards */ = {
			isa = PBXGroup;
			children = (
				D9167F38193E988D00A9602C /* Main_iPhone.storyboard */,
				D9167F3B193E988D00A9602C /* Main_iPad.storyboard */,
			);
			name = Storyboards;
			sourceTree = "<group>";
		};
		D9167F4C193E988D00A9602C /* C4ExamplesTests */ = {
			isa = PBXGroup;
			children = (
				D9167F52193E988D00A9602C /* C4ExamplesTests.m */,
				D9167F4D193E988D00A9602C /* Supporting Files */,
			);
			path = C4ExamplesTests;
			sourceTree = "<group>";
		};
		D9167F4D193E988D00A9602C /* Supporting Files */ = {
			isa = PBXGroup;
			children = (
				D9167F4E193E988D00A9602C /* C4ExamplesTests-Info.plist */,
				D9167F4F193E988D00A9602C /* InfoPlist.strings */,
			);
			name = "Supporting Files";
			sourceTree = "<group>";
		};
		D9167F5C193E98C200A9602C /* Examples */ = {
			isa = PBXGroup;
			children = (
				D916C3251943CF2400846C5C /* Code */,
			);
			name = Examples;
			sourceTree = "<group>";
		};
		D916C3251943CF2400846C5C /* Code */ = {
			isa = PBXGroup;
			children = (
				D916C3261943CF2400846C5C /* Images */,
				D916C3371943CF2400846C5C /* Movies */,
				D916C34C1943CF2400846C5C /* Shapes */,
				C44E69791944E163006244AF /* Labels */,
			);
			path = Code;
			sourceTree = "<group>";
		};
		D916C3261943CF2400846C5C /* Images */ = {
			isa = PBXGroup;
			children = (
				D916C3271943CF2400846C5C /* Images01.h */,
				D916C3281943CF2400846C5C /* Images01.m */,
				D916C3291943CF2400846C5C /* Images02.h */,
				D916C32A1943CF2400846C5C /* Images02.m */,
				D916C32B1943CF2400846C5C /* Images03.h */,
				D916C32C1943CF2400846C5C /* Images03.m */,
				D916C32D1943CF2400846C5C /* Images04.h */,
				D916C32E1943CF2400846C5C /* Images04.m */,
				D916C32F1943CF2400846C5C /* Images05.h */,
				D916C3301943CF2400846C5C /* Images05.m */,
				D916C3311943CF2400846C5C /* Images06.h */,
				D916C3321943CF2400846C5C /* Images06.m */,
				D916C3331943CF2400846C5C /* Images07.h */,
				D916C3341943CF2400846C5C /* Images07.m */,
				D916C3351943CF2400846C5C /* Images08.h */,
				D916C3361943CF2400846C5C /* Images08.m */,
			);
			path = Images;
			sourceTree = "<group>";
		};
		D916C3371943CF2400846C5C /* Movies */ = {
			isa = PBXGroup;
			children = (
				D916C3381943CF2400846C5C /* Movies01.h */,
				D916C3391943CF2400846C5C /* Movies01.m */,
				D916C33A1943CF2400846C5C /* Movies02.h */,
				D916C33B1943CF2400846C5C /* Movies02.m */,
				D916C33C1943CF2400846C5C /* Movies03.h */,
				D916C33D1943CF2400846C5C /* Movies03.m */,
				D916C33E1943CF2400846C5C /* Movies04.h */,
				D916C33F1943CF2400846C5C /* Movies04.m */,
				D916C3401943CF2400846C5C /* Movies05.h */,
				D916C3411943CF2400846C5C /* Movies05.m */,
				D916C3421943CF2400846C5C /* Movies06.h */,
				D916C3431943CF2400846C5C /* Movies06.m */,
				D916C3441943CF2400846C5C /* Movies07.h */,
				D916C3451943CF2400846C5C /* Movies07.m */,
				D916C3461943CF2400846C5C /* Movies08.h */,
				D916C3471943CF2400846C5C /* Movies08.m */,
				D916C3481943CF2400846C5C /* Movies09.h */,
				D916C3491943CF2400846C5C /* Movies09.m */,
				D916C34A1943CF2400846C5C /* Movies10.h */,
				D916C34B1943CF2400846C5C /* Movies10.m */,
			);
			path = Movies;
			sourceTree = "<group>";
		};
		D916C34C1943CF2400846C5C /* Shapes */ = {
			isa = PBXGroup;
			children = (
				D916C34D1943CF2400846C5C /* Shapes01.h */,
				D916C34E1943CF2400846C5C /* Shapes01.m */,
				D916C34F1943CF2400846C5C /* Shapes02.h */,
				D916C3501943CF2400846C5C /* Shapes02.m */,
				D916C3511943CF2400846C5C /* Shapes03.h */,
				D916C3521943CF2400846C5C /* Shapes03.m */,
				D916C3531943CF2400846C5C /* Shapes04.h */,
				D916C3541943CF2400846C5C /* Shapes04.m */,
				D916C3551943CF2400846C5C /* Shapes05.h */,
				D916C3561943CF2400846C5C /* Shapes05.m */,
				D916C3571943CF2400846C5C /* Shapes06.h */,
				D916C3581943CF2400846C5C /* Shapes06.m */,
				D916C3591943CF2400846C5C /* Shapes07.h */,
				D916C35A1943CF2400846C5C /* Shapes07.m */,
				D916C35B1943CF2400846C5C /* Shapes08.h */,
				D916C35C1943CF2400846C5C /* Shapes08.m */,
				D916C35D1943CF2400846C5C /* Shapes09.h */,
				D916C35E1943CF2400846C5C /* Shapes09.m */,
				D916C35F1943CF2400846C5C /* Shapes10.h */,
				D916C3601943CF2400846C5C /* Shapes10.m */,
				D916C3611943CF2400846C5C /* Shapes11.h */,
				D916C3621943CF2400846C5C /* Shapes11.m */,
				D916C3631943CF2400846C5C /* Shapes12.h */,
				D916C3641943CF2400846C5C /* Shapes12.m */,
				D916C3651943CF2400846C5C /* Shapes13.h */,
				D916C3661943CF2400846C5C /* Shapes13.m */,
				D916C3671943CF2400846C5C /* Shapes14.h */,
				D916C3681943CF2400846C5C /* Shapes14.m */,
				D916C3691943CF2400846C5C /* Shapes15.h */,
				D916C36A1943CF2400846C5C /* Shapes15.m */,
				D916C36B1943CF2400846C5C /* Shapes16.h */,
				D916C36C1943CF2400846C5C /* Shapes16.m */,
				D916C36D1943CF2400846C5C /* Shapes17.h */,
				D916C36E1943CF2400846C5C /* Shapes17.m */,
				D916C36F1943CF2400846C5C /* Shapes18.h */,
				D916C3701943CF2400846C5C /* Shapes18.m */,
				D916C3711943CF2400846C5C /* Shapes19.h */,
				D916C3721943CF2400846C5C /* Shapes19.m */,
				D916C3731943CF2400846C5C /* Shapes20.h */,
				D916C3741943CF2400846C5C /* Shapes20.m */,
			);
			path = Shapes;
			sourceTree = "<group>";
		};
/* End PBXGroup section */

/* Begin PBXNativeTarget section */
		D9167E9E193E988C00A9602C /* C4Examples */ = {
			isa = PBXNativeTarget;
			buildConfigurationList = D9167F56193E988D00A9602C /* Build configuration list for PBXNativeTarget "C4Examples" */;
			buildPhases = (
				D9167E9B193E988C00A9602C /* Sources */,
				D9167E9C193E988C00A9602C /* Frameworks */,
				D9167E9D193E988C00A9602C /* Resources */,
			);
			buildRules = (
			);
			dependencies = (
			);
			name = C4Examples;
			productName = C4Examples;
			productReference = D9167E9F193E988C00A9602C /* C4Examples.app */;
			productType = "com.apple.product-type.application";
		};
		D9167F44193E988D00A9602C /* C4ExamplesTests */ = {
			isa = PBXNativeTarget;
			buildConfigurationList = D9167F59193E988D00A9602C /* Build configuration list for PBXNativeTarget "C4ExamplesTests" */;
			buildPhases = (
				D9167F41193E988D00A9602C /* Sources */,
				D9167F42193E988D00A9602C /* Frameworks */,
				D9167F43193E988D00A9602C /* Resources */,
			);
			buildRules = (
			);
			dependencies = (
				D9167F4B193E988D00A9602C /* PBXTargetDependency */,
			);
			name = C4ExamplesTests;
			productName = C4ExamplesTests;
			productReference = D9167F45193E988D00A9602C /* C4ExamplesTests.xctest */;
			productType = "com.apple.product-type.bundle.unit-test";
		};
/* End PBXNativeTarget section */

/* Begin PBXProject section */
		D9167E97193E988C00A9602C /* Project object */ = {
			isa = PBXProject;
			attributes = {
				LastUpgradeCheck = 0510;
				ORGANIZATIONNAME = C4;
				TargetAttributes = {
					D9167F44193E988D00A9602C = {
						TestTargetID = D9167E9E193E988C00A9602C;
					};
				};
			};
			buildConfigurationList = D9167E9A193E988C00A9602C /* Build configuration list for PBXProject "C4Examples" */;
			compatibilityVersion = "Xcode 3.2";
			developmentRegion = English;
			hasScannedForEncodings = 0;
			knownRegions = (
				en,
				Base,
			);
			mainGroup = D9167E96193E988C00A9602C;
			productRefGroup = D9167EA0193E988C00A9602C /* Products */;
			projectDirPath = "";
			projectRoot = "";
			targets = (
				D9167E9E193E988C00A9602C /* C4Examples */,
				D9167F44193E988D00A9602C /* C4ExamplesTests */,
			);
		};
/* End PBXProject section */

/* Begin PBXResourcesBuildPhase section */
		D9167E9D193E988C00A9602C /* Resources */ = {
			isa = PBXResourcesBuildPhase;
			buildActionMask = 2147483647;
			files = (
				D9167EBD193E988C00A9602C /* InfoPlist.strings in Resources */,
				D9167EF0193E988D00A9602C /* C4Loop.aif in Resources */,
				D9167F3A193E988D00A9602C /* Main_iPhone.storyboard in Resources */,
				D9167EC5193E988D00A9602C /* Media.xcassets in Resources */,
				D9167EC3193E988C00A9602C /* Images.xcassets in Resources */,
				D9167F3D193E988D00A9602C /* Main_iPad.storyboard in Resources */,
				D9167EF2193E988D00A9602C /* inception.mov in Resources */,
			);
			runOnlyForDeploymentPostprocessing = 0;
		};
		D9167F43193E988D00A9602C /* Resources */ = {
			isa = PBXResourcesBuildPhase;
			buildActionMask = 2147483647;
			files = (
				D9167F51193E988D00A9602C /* InfoPlist.strings in Resources */,
			);
			runOnlyForDeploymentPostprocessing = 0;
		};
/* End PBXResourcesBuildPhase section */

/* Begin PBXSourcesBuildPhase section */
		D9167E9B193E988C00A9602C /* Sources */ = {
			isa = PBXSourcesBuildPhase;
			buildActionMask = 2147483647;
			files = (
				D9167F24193E988D00A9602C /* C4Switch.m in Sources */,
				D9167F10193E988D00A9602C /* C4Image.m in Sources */,
				D916C3941943CF2400846C5C /* Shapes14.m in Sources */,
				D9167F28193E988D00A9602C /* C4Timer.m in Sources */,
				D916C3961943CF2400846C5C /* Shapes16.m in Sources */,
				C44E69F61944F4E2006244AF /* Labels07.m in Sources */,
				D916C38C1943CF2400846C5C /* Shapes06.m in Sources */,
				D916C3901943CF2400846C5C /* Shapes10.m in Sources */,
				C44E69F31944F4E2006244AF /* Labels04.m in Sources */,
				D9167EFC193E988D00A9602C /* C4Camera.m in Sources */,
				D916C3791943CF2400846C5C /* Images05.m in Sources */,
				C44E69F71944F4E2006244AF /* Labels08.m in Sources */,
				C44E6A0B1944F7CB006244AF /* Labels17.m in Sources */,
				D9167F02193E988D00A9602C /* C4Defines.m in Sources */,
				D9167F12193E988D00A9602C /* C4Label.m in Sources */,
				D9167F06193E988D00A9602C /* C4EAGLES1Renderer.m in Sources */,
				D9167F00193E988D00A9602C /* C4Control.m in Sources */,
				C44E69FA1944F4E2006244AF /* Labels11.m in Sources */,
				D9167F22193E988D00A9602C /* C4Stepper.m in Sources */,
				D916C3861943CF2400846C5C /* Movies10.m in Sources */,
				D9167F1A193E988D00A9602C /* C4Sample.m in Sources */,
				D916C3851943CF2400846C5C /* Movies09.m in Sources */,
				D916C37F1943CF2400846C5C /* Movies03.m in Sources */,
				D916C3891943CF2400846C5C /* Shapes03.m in Sources */,
				D9167EFA193E988D00A9602C /* C4Button.m in Sources */,
				D9167EF8193E988D00A9602C /* C4AssertionHandler.m in Sources */,
				D9167EF4193E988D00A9602C /* C4ActivityIndicator.m in Sources */,
				D916C3831943CF2400846C5C /* Movies07.m in Sources */,
				D916C3811943CF2400846C5C /* Movies05.m in Sources */,
				D916C38E1943CF2400846C5C /* Shapes08.m in Sources */,
				D9167F36193E988D00A9602C /* UIView+C4AddControl.m in Sources */,
				C44E69FE1944F4E2006244AF /* Labels15.m in Sources */,
				D9167F30193E988D00A9602C /* C4UIMovieControl.m in Sources */,
				D916C3881943CF2400846C5C /* Shapes02.m in Sources */,
				D9167F20193E988D00A9602C /* C4Slider.m in Sources */,
				C44E6A051944F708006244AF /* Labels16.m in Sources */,
				D9167F04193E988D00A9602C /* C4EAGLESRenderer.m in Sources */,
				D916C3821943CF2400846C5C /* Movies06.m in Sources */,
				D9167F08193E988D00A9602C /* C4Font.m in Sources */,
				D9167F1E193E988D00A9602C /* C4Shape.m in Sources */,
				D9167F34193E988D00A9602C /* UIColor+CIColorFix.m in Sources */,
				D916C39A1943CF2400846C5C /* Shapes20.m in Sources */,
				D916C3841943CF2400846C5C /* Movies08.m in Sources */,
				D9167F1C193E988D00A9602C /* C4ScrollView.m in Sources */,
				C44E69F91944F4E2006244AF /* Labels10.m in Sources */,
				C44E69FB1944F4E2006244AF /* Labels12.m in Sources */,
				D916C37B1943CF2400846C5C /* Images07.m in Sources */,
				C44E69FC1944F4E2006244AF /* Labels13.m in Sources */,
				C44E69821944E1F2006244AF /* Labels02.m in Sources */,
				D916C3911943CF2400846C5C /* Shapes11.m in Sources */,
				C44E6A1D1944FA96006244AF /* Labels20.m in Sources */,
				D9167F16193E988D00A9602C /* C4Movie.m in Sources */,
				C44E6A111944F8BA006244AF /* Labels18.m in Sources */,
				C44E6A171944F925006244AF /* Labels19.m in Sources */,
				D916C3981943CF2400846C5C /* Shapes18.m in Sources */,
				D916C37A1943CF2400846C5C /* Images06.m in Sources */,
				D916C37D1943CF2400846C5C /* Movies01.m in Sources */,
				C44E69F41944F4E2006244AF /* Labels05.m in Sources */,
				D9167F2E193E988D00A9602C /* C4UIGLControl.m in Sources */,
				C44E6A201944FAC8006244AF /* Labels21.m in Sources */,
				D9167F40193E988D00A9602C /* C4WorkSpace.m in Sources */,
				D9167F0A193E988D00A9602C /* C4Foundation.m in Sources */,
				D916C3921943CF2400846C5C /* Shapes12.m in Sources */,
				D9167F32193E988D00A9602C /* C4UIShapeControl.m in Sources */,
				D916C3751943CF2400846C5C /* Images01.m in Sources */,
				D9167F0C193E988D00A9602C /* C4GL.m in Sources */,
				D916C38D1943CF2400846C5C /* Shapes07.m in Sources */,
				D916C3761943CF2400846C5C /* Images02.m in Sources */,
				D9167EF6193E988D00A9602C /* C4AnimationHelper.m in Sources */,
				D916C3931943CF2400846C5C /* Shapes13.m in Sources */,
				D916C3771943CF2400846C5C /* Images03.m in Sources */,
				D916C3871943CF2400846C5C /* Shapes01.m in Sources */,
				D9167F0E193E988D00A9602C /* C4GL1Renderer.m in Sources */,
				D9167EBF193E988C00A9602C /* main.m in Sources */,
				D916C38F1943CF2400846C5C /* Shapes09.m in Sources */,
				D9167EFE193E988D00A9602C /* C4CanvasController.m in Sources */,
				C44E69F11944F4E2006244AF /* Labels01.m in Sources */,
				D916C3801943CF2400846C5C /* Movies04.m in Sources */,
				D9167F2A193E988D00A9602C /* C4UIElement.m in Sources */,
				D916C3951943CF2400846C5C /* Shapes15.m in Sources */,
				D9167F14193E988D00A9602C /* C4Math.m in Sources */,
				D916C38A1943CF2400846C5C /* Shapes04.m in Sources */,
				D9167F2C193E988D00A9602C /* C4Vector.m in Sources */,
				D916C37C1943CF2400846C5C /* Images08.m in Sources */,
				C44E69F81944F4E2006244AF /* Labels09.m in Sources */,
				D916C3971943CF2400846C5C /* Shapes17.m in Sources */,
				D916C38B1943CF2400846C5C /* Shapes05.m in Sources */,
				D9167F18193E988D00A9602C /* C4Object.m in Sources */,
				D916C37E1943CF2400846C5C /* Movies02.m in Sources */,
				C44E69F21944F4E2006244AF /* Labels03.m in Sources */,
				C44E69F51944F4E2006244AF /* Labels06.m in Sources */,
				D9167F26193E988D00A9602C /* C4Template.m in Sources */,
				C44E69FD1944F4E2006244AF /* Labels14.m in Sources */,
				D916C3781943CF2400846C5C /* Images04.m in Sources */,
				D9167EEE193E988D00A9602C /* C4AppDelegate.m in Sources */,
				D916C3991943CF2400846C5C /* Shapes19.m in Sources */,
			);
			runOnlyForDeploymentPostprocessing = 0;
		};
		D9167F41193E988D00A9602C /* Sources */ = {
			isa = PBXSourcesBuildPhase;
			buildActionMask = 2147483647;
			files = (
				D9167F53193E988D00A9602C /* C4ExamplesTests.m in Sources */,
			);
			runOnlyForDeploymentPostprocessing = 0;
		};
/* End PBXSourcesBuildPhase section */

/* Begin PBXTargetDependency section */
		D9167F4B193E988D00A9602C /* PBXTargetDependency */ = {
			isa = PBXTargetDependency;
			target = D9167E9E193E988C00A9602C /* C4Examples */;
			targetProxy = D9167F4A193E988D00A9602C /* PBXContainerItemProxy */;
		};
/* End PBXTargetDependency section */

/* Begin PBXVariantGroup section */
		D9167EBB193E988C00A9602C /* InfoPlist.strings */ = {
			isa = PBXVariantGroup;
			children = (
				D9167EBC193E988C00A9602C /* en */,
			);
			name = InfoPlist.strings;
			sourceTree = "<group>";
		};
		D9167F38193E988D00A9602C /* Main_iPhone.storyboard */ = {
			isa = PBXVariantGroup;
			children = (
				D9167F39193E988D00A9602C /* Base */,
			);
			name = Main_iPhone.storyboard;
			sourceTree = "<group>";
		};
		D9167F3B193E988D00A9602C /* Main_iPad.storyboard */ = {
			isa = PBXVariantGroup;
			children = (
				D9167F3C193E988D00A9602C /* Base */,
			);
			name = Main_iPad.storyboard;
			sourceTree = "<group>";
		};
		D9167F4F193E988D00A9602C /* InfoPlist.strings */ = {
			isa = PBXVariantGroup;
			children = (
				D9167F50193E988D00A9602C /* en */,
			);
			name = InfoPlist.strings;
			sourceTree = "<group>";
		};
/* End PBXVariantGroup section */

/* Begin XCBuildConfiguration section */
		D9167F54193E988D00A9602C /* Debug */ = {
			isa = XCBuildConfiguration;
			buildSettings = {
				ALWAYS_SEARCH_USER_PATHS = NO;
				CLANG_CXX_LANGUAGE_STANDARD = "gnu++0x";
				CLANG_CXX_LIBRARY = "libc++";
				CLANG_ENABLE_MODULES = YES;
				CLANG_ENABLE_OBJC_ARC = YES;
				CLANG_WARN_BOOL_CONVERSION = YES;
				CLANG_WARN_CONSTANT_CONVERSION = YES;
				CLANG_WARN_DIRECT_OBJC_ISA_USAGE = YES_ERROR;
				CLANG_WARN_EMPTY_BODY = YES;
				CLANG_WARN_ENUM_CONVERSION = YES;
				CLANG_WARN_INT_CONVERSION = YES;
				CLANG_WARN_OBJC_ROOT_CLASS = YES_ERROR;
				CLANG_WARN__DUPLICATE_METHOD_MATCH = YES;
				"CODE_SIGN_IDENTITY[sdk=iphoneos*]" = "iPhone Developer";
				COPY_PHASE_STRIP = NO;
				GCC_C_LANGUAGE_STANDARD = gnu99;
				GCC_DYNAMIC_NO_PIC = NO;
				GCC_OPTIMIZATION_LEVEL = 0;
				GCC_PREPROCESSOR_DEFINITIONS = (
					"DEBUG=1",
					"$(inherited)",
				);
				GCC_SYMBOLS_PRIVATE_EXTERN = NO;
				GCC_WARN_64_TO_32_BIT_CONVERSION = YES;
				GCC_WARN_ABOUT_RETURN_TYPE = YES_ERROR;
				GCC_WARN_UNDECLARED_SELECTOR = YES;
				GCC_WARN_UNINITIALIZED_AUTOS = YES_AGGRESSIVE;
				GCC_WARN_UNUSED_FUNCTION = YES;
				GCC_WARN_UNUSED_VARIABLE = YES;
				IPHONEOS_DEPLOYMENT_TARGET = 7.1;
				ONLY_ACTIVE_ARCH = YES;
				SDKROOT = iphoneos;
				TARGETED_DEVICE_FAMILY = "1,2";
			};
			name = Debug;
		};
		D9167F55193E988D00A9602C /* Release */ = {
			isa = XCBuildConfiguration;
			buildSettings = {
				ALWAYS_SEARCH_USER_PATHS = NO;
				CLANG_CXX_LANGUAGE_STANDARD = "gnu++0x";
				CLANG_CXX_LIBRARY = "libc++";
				CLANG_ENABLE_MODULES = YES;
				CLANG_ENABLE_OBJC_ARC = YES;
				CLANG_WARN_BOOL_CONVERSION = YES;
				CLANG_WARN_CONSTANT_CONVERSION = YES;
				CLANG_WARN_DIRECT_OBJC_ISA_USAGE = YES_ERROR;
				CLANG_WARN_EMPTY_BODY = YES;
				CLANG_WARN_ENUM_CONVERSION = YES;
				CLANG_WARN_INT_CONVERSION = YES;
				CLANG_WARN_OBJC_ROOT_CLASS = YES_ERROR;
				CLANG_WARN__DUPLICATE_METHOD_MATCH = YES;
				"CODE_SIGN_IDENTITY[sdk=iphoneos*]" = "iPhone Developer";
				COPY_PHASE_STRIP = YES;
				ENABLE_NS_ASSERTIONS = NO;
				GCC_C_LANGUAGE_STANDARD = gnu99;
				GCC_WARN_64_TO_32_BIT_CONVERSION = YES;
				GCC_WARN_ABOUT_RETURN_TYPE = YES_ERROR;
				GCC_WARN_UNDECLARED_SELECTOR = YES;
				GCC_WARN_UNINITIALIZED_AUTOS = YES_AGGRESSIVE;
				GCC_WARN_UNUSED_FUNCTION = YES;
				GCC_WARN_UNUSED_VARIABLE = YES;
				IPHONEOS_DEPLOYMENT_TARGET = 7.1;
				SDKROOT = iphoneos;
				TARGETED_DEVICE_FAMILY = "1,2";
				VALIDATE_PRODUCT = YES;
			};
			name = Release;
		};
		D9167F57193E988D00A9602C /* Debug */ = {
			isa = XCBuildConfiguration;
			buildSettings = {
				ASSETCATALOG_COMPILER_APPICON_NAME = AppIcon;
				ASSETCATALOG_COMPILER_LAUNCHIMAGE_NAME = LaunchImage;
				GCC_PRECOMPILE_PREFIX_HEADER = YES;
				GCC_PREFIX_HEADER = "C4Examples/C4Examples-Prefix.pch";
				INFOPLIST_FILE = "C4Examples/C4Examples-Info.plist";
				PRODUCT_NAME = "$(TARGET_NAME)";
				WRAPPER_EXTENSION = app;
			};
			name = Debug;
		};
		D9167F58193E988D00A9602C /* Release */ = {
			isa = XCBuildConfiguration;
			buildSettings = {
				ASSETCATALOG_COMPILER_APPICON_NAME = AppIcon;
				ASSETCATALOG_COMPILER_LAUNCHIMAGE_NAME = LaunchImage;
				GCC_PRECOMPILE_PREFIX_HEADER = YES;
				GCC_PREFIX_HEADER = "C4Examples/C4Examples-Prefix.pch";
				INFOPLIST_FILE = "C4Examples/C4Examples-Info.plist";
				PRODUCT_NAME = "$(TARGET_NAME)";
				WRAPPER_EXTENSION = app;
			};
			name = Release;
		};
		D9167F5A193E988D00A9602C /* Debug */ = {
			isa = XCBuildConfiguration;
			buildSettings = {
				BUNDLE_LOADER = "$(BUILT_PRODUCTS_DIR)/C4Examples.app/C4Examples";
				FRAMEWORK_SEARCH_PATHS = (
					"$(SDKROOT)/Developer/Library/Frameworks",
					"$(inherited)",
					"$(DEVELOPER_FRAMEWORKS_DIR)",
				);
				GCC_PRECOMPILE_PREFIX_HEADER = YES;
				GCC_PREFIX_HEADER = "C4Examples/C4Examples-Prefix.pch";
				GCC_PREPROCESSOR_DEFINITIONS = (
					"DEBUG=1",
					"$(inherited)",
				);
				INFOPLIST_FILE = "C4ExamplesTests/C4ExamplesTests-Info.plist";
				PRODUCT_NAME = "$(TARGET_NAME)";
				TEST_HOST = "$(BUNDLE_LOADER)";
				WRAPPER_EXTENSION = xctest;
			};
			name = Debug;
		};
		D9167F5B193E988D00A9602C /* Release */ = {
			isa = XCBuildConfiguration;
			buildSettings = {
				BUNDLE_LOADER = "$(BUILT_PRODUCTS_DIR)/C4Examples.app/C4Examples";
				FRAMEWORK_SEARCH_PATHS = (
					"$(SDKROOT)/Developer/Library/Frameworks",
					"$(inherited)",
					"$(DEVELOPER_FRAMEWORKS_DIR)",
				);
				GCC_PRECOMPILE_PREFIX_HEADER = YES;
				GCC_PREFIX_HEADER = "C4Examples/C4Examples-Prefix.pch";
				INFOPLIST_FILE = "C4ExamplesTests/C4ExamplesTests-Info.plist";
				PRODUCT_NAME = "$(TARGET_NAME)";
				TEST_HOST = "$(BUNDLE_LOADER)";
				WRAPPER_EXTENSION = xctest;
			};
			name = Release;
		};
/* End XCBuildConfiguration section */

/* Begin XCConfigurationList section */
		D9167E9A193E988C00A9602C /* Build configuration list for PBXProject "C4Examples" */ = {
			isa = XCConfigurationList;
			buildConfigurations = (
				D9167F54193E988D00A9602C /* Debug */,
				D9167F55193E988D00A9602C /* Release */,
			);
			defaultConfigurationIsVisible = 0;
			defaultConfigurationName = Release;
		};
		D9167F56193E988D00A9602C /* Build configuration list for PBXNativeTarget "C4Examples" */ = {
			isa = XCConfigurationList;
			buildConfigurations = (
				D9167F57193E988D00A9602C /* Debug */,
				D9167F58193E988D00A9602C /* Release */,
			);
			defaultConfigurationIsVisible = 0;
			defaultConfigurationName = Release;
		};
		D9167F59193E988D00A9602C /* Build configuration list for PBXNativeTarget "C4ExamplesTests" */ = {
			isa = XCConfigurationList;
			buildConfigurations = (
				D9167F5A193E988D00A9602C /* Debug */,
				D9167F5B193E988D00A9602C /* Release */,
			);
			defaultConfigurationIsVisible = 0;
			defaultConfigurationName = Release;
		};
/* End XCConfigurationList section */
	};
	rootObject = D9167E97193E988C00A9602C /* Project object */;
}
